# THIS IS AN AUTOGENERATED FILE. DO NOT EDIT THIS FILE DIRECTLY.
# yarn lockfile v1


"@cspotcode/source-map-support@^0.8.0":
  version "0.8.1"
  resolved "https://registry.npmjs.org/@cspotcode/source-map-support/-/source-map-support-0.8.1.tgz#00629c35a688e05a88b1cda684fb9d5e73f000a1"
  integrity sha512-IchNf6dN4tHoMFIn/7OE8LWZ19Y6q/67Bmf6vnGREv8RSbBVb9LPJxEcnwrcwX6ixSvaiGoomAUvu4YSxXrVgw==
  dependencies:
    "@jridgewell/trace-mapping" "0.3.9"

"@firebase/ai@2.13.1":
  version "2.13.1"
  resolved "https://registry.npmjs.org/@firebase/ai/-/ai-2.13.1.tgz#15dc946a793bc8ea35e1aba03ec3cf50c9443ba9"
  integrity sha512-RhT/VViTPBSplhQSuEp62HhLvfsV+LowMh8ZUo5MMRDzG7oFtSget4Kmg5oHP50hDVyWQuQj6to9iPFEZk08Tw==
  dependencies:
    "@firebase/app-check-interop-types" "0.3.4"
    "@firebase/component" "0.7.3"
    "@firebase/logger" "0.5.1"
    "@firebase/util" "1.15.1"
    tslib "^2.1.0"

"@firebase/analytics-compat@0.2.28":
  version "0.2.28"
  resolved "https://registry.npmjs.org/@firebase/analytics-compat/-/analytics-compat-0.2.28.tgz#fb8f18e40a019dd9ea005859fe71ccf3d0867ee9"
  integrity sha512-lIAlqUUbBu93FJMlQfslryQtBwwzdzvp23ePC6FNgymXk6Ook5v4Uvc0vdutvoIeqmyA3LfP0ZeRFK8+11kOOQ==
  dependencies:
    "@firebase/analytics" "0.10.22"
    "@firebase/analytics-types" "0.8.4"
    "@firebase/component" "0.7.3"
    "@firebase/util" "1.15.1"
    tslib "^2.1.0"

"@firebase/analytics-types@0.8.4":
  version "0.8.4"
  resolved "https://registry.npmjs.org/@firebase/analytics-types/-/analytics-types-0.8.4.tgz#194ee289e7293e47b1bd6221147f0dcc02f92e3d"
  integrity sha512-zQ+XTgkwH6CY/eUSHJRP7e4LxM30RCxlCmob5sy2axs25GE3Ny0XdgpDscMTHHQIGqWkxPXad4w2Mw9sCgT8zQ==

"@firebase/analytics@0.10.22":
  version "0.10.22"
  resolved "https://registry.npmjs.org/@firebase/analytics/-/analytics-0.10.22.tgz#20f3a6431ed51c4590cf898455de7fd40b2163f0"
  integrity sha512-8BSaq/QRGU1+xyi8L2PTLTJU7MH9aMA72RQdIxrbhWFauOZY9OXo8f2YDN/972xA8d588tlnNVEQ2Mo69pT9Ow==
  dependencies:
    "@firebase/component" "0.7.3"
    "@firebase/installations" "0.6.22"
    "@firebase/logger" "0.5.1"
    "@firebase/util" "1.15.1"
    tslib "^2.1.0"

"@firebase/app-check-compat@0.4.5":
  version "0.4.5"
  resolved "https://registry.npmjs.org/@firebase/app-check-compat/-/app-check-compat-0.4.5.tgz#f136a07e5bcdef81aaad1b82b49557d5d1329ee8"
  integrity sha512-JI17mVcZs34zO6ZeSCrw4U2iohqy+n6GIzkbmsA+TbVjmvFLkUKt3bs5M+qRBteQm/0IWzqSHYFzEQLzDTQebg==
  dependencies:
    "@firebase/app-check" "0.12.0"
    "@firebase/app-check-types" "0.5.4"
    "@firebase/component" "0.7.3"
    "@firebase/logger" "0.5.1"
    "@firebase/util" "1.15.1"
    tslib "^2.1.0"

"@firebase/app-check-interop-types@0.3.4":
  version "0.3.4"
  resolved "https://registry.npmjs.org/@firebase/app-check-interop-types/-/app-check-interop-types-0.3.4.tgz#747bf9fe8e9db11f6a44b695f20754f2a20208a4"
  integrity sha512-zz3i6e13B8BfWiLy8MABtTh8aGIACgKbf9UVnyHcWs+yQzJXgQcl8A46b0zfaiJHdQ+niF0ouAfcpuf+3LMPQg==

"@firebase/app-check-types@0.5.4":
  version "0.5.4"
  resolved "https://registry.npmjs.org/@firebase/app-check-types/-/app-check-types-0.5.4.tgz#8001732e81332dd77d898d82fe773761cf2f023b"
  integrity sha512-xV7JsIyzVr15aA7f3Pi0rB9gdBuVubs89FGA8VkRYA4g0l78poADgdfrScgf7NndSg9mm7cR7PJyY0+t22KaGw==

"@firebase/app-check@0.12.0":
  version "0.12.0"
  resolved "https://registry.npmjs.org/@firebase/app-check/-/app-check-0.12.0.tgz#8fb9bdfa426b110169efc7446f84a9c54ef5bdd0"
  integrity sha512-wMeT6HLWRAuW7Cp/5UjWBGKgjPNxWNOoNf4PRIv0weljoGMZVeqbUY7wNBWTI2/31cX1NlXx8gQruDLsUShB3Q==
  dependencies:
    "@firebase/component" "0.7.3"
    "@firebase/logger" "0.5.1"
    "@firebase/util" "1.15.1"
    tslib "^2.1.0"

"@firebase/app-compat@0.5.14":
  version "0.5.14"
  resolved "https://registry.npmjs.org/@firebase/app-compat/-/app-compat-0.5.14.tgz#8645e416e74aa8c559cff4c699bd37c1280b539e"
  integrity sha512-rgFmiofYsdS9ZG/Bht3OBxJtPD3zWE1cffShWubEm+4+qZeyzCbmtb1q6jOEjN9fB7uufe4rQmWOPXouR3758Q==
  dependencies:
    "@firebase/app" "0.15.0"
    "@firebase/component" "0.7.3"
    "@firebase/logger" "0.5.1"
    "@firebase/util" "1.15.1"
    tslib "^2.1.0"

"@firebase/app-types@0.9.5":
  version "0.9.5"
  resolved "https://registry.npmjs.org/@firebase/app-types/-/app-types-0.9.5.tgz#4c59391fd2559530d709a614d49f62af4ad8766b"
  integrity sha512-YevqTjvo7Iujsa9Dwowmd6dSoElhzmD63ZSrq6bzjvQ6POjYgNjOFHLmNIgJs48eNO093NCERibuFnxbfOvU7A==
  dependencies:
    "@firebase/logger" "0.5.1"

"@firebase/app@0.15.0":
  version "0.15.0"
  resolved "https://registry.npmjs.org/@firebase/app/-/app-0.15.0.tgz#5fbb1ed3e0f9d29f678b06ac12e3c1d5baff119b"
  integrity sha512-soIskolmGgbpi0K/MfrjtdpO1220qRCbXA4Z8Qx3lM+fVwA3q40m+OM+7zBHd2nuQCrLXb33L6Oc1aBH3Y26AQ==
  dependencies:
    "@firebase/component" "0.7.3"
    "@firebase/logger" "0.5.1"
    "@firebase/util" "1.15.1"
    idb "7.1.1"
    tslib "^2.1.0"

"@firebase/auth-compat@0.6.8":
  version "0.6.8"
  resolved "https://registry.npmjs.org/@firebase/auth-compat/-/auth-compat-0.6.8.tgz#09d828421a9ec1edcde60cd86785a29cad9b5720"
  integrity sha512-llcBREUC4iSNKZ6rvwud7Oz9Q7aAWU6KuQLa6pdu7Q+QAQsy4JLw6yFgxwtmzabsgznHmmcsX2UjHLLzqUxi3Q==
  dependencies:
    "@firebase/auth" "1.13.3"
    "@firebase/auth-types" "0.13.1"
    "@firebase/component" "0.7.3"
    "@firebase/util" "1.15.1"
    tslib "^2.1.0"

"@firebase/auth-interop-types@0.2.5":
  version "0.2.5"
  resolved "https://registry.npmjs.org/@firebase/auth-interop-types/-/auth-interop-types-0.2.5.tgz#828e2e160cff40fa78ecb4b6e3187c88158eb2e9"
  integrity sha512-1Li/YuBDBAXcKv7BzY4U28gontUmAaw53sYiqbaVOMCFb2lFKK/c3CGMUWqtwe7+TXrl3poWnTCL5umYBg85Eg==

"@firebase/auth-types@0.13.1":
  version "0.13.1"
  resolved "https://registry.npmjs.org/@firebase/auth-types/-/auth-types-0.13.1.tgz#eb5abafdaa40dd3b6badfab111dd94f7e196ea66"
  integrity sha512-0c1Mnid0uMDfGJHeUS4zfvBa4/CedJXotGy/n/NZJnBjwiJawt0ZYU+wH2VAVLiRCEfG2ncCkAX3yd1/2nrB7g==

"@firebase/auth@1.13.3":
  version "1.13.3"
  resolved "https://registry.npmjs.org/@firebase/auth/-/auth-1.13.3.tgz#5cad74ce656c9b4f8ffb2a026fab98d4b40c4a96"
  integrity sha512-bqiq4uubDN2YyQkdvSWPQeJyXAv2O76ImF41En9b6UhV5JuBVYDoHYrrrE3NzIuGkpFMKagfhMRP4Vz6t+yQSQ==
  dependencies:
    "@firebase/component" "0.7.3"
    "@firebase/logger" "0.5.1"
    "@firebase/util" "1.15.1"
    tslib "^2.1.0"

"@firebase/component@0.7.3":
  version "0.7.3"
  resolved "https://registry.npmjs.org/@firebase/component/-/component-0.7.3.tgz#900c9720f7e5abb2a23975f90f96366d62d085b9"
  integrity sha512-wFofIaa2879ogD/WvkjYXJxRmfnL0scen6ORgaC3na1FNOR9ASIUANQdhqQcmWu/h77/pVHY7ch5flewa5Bcew==
  dependencies:
    "@firebase/util" "1.15.1"
    tslib "^2.1.0"

"@firebase/data-connect@0.7.1":
  version "0.7.1"
  resolved "https://registry.npmjs.org/@firebase/data-connect/-/data-connect-0.7.1.tgz#3ae9235525b5b0438968c4bf1ea1afc8816944b3"
  integrity sha512-2LbUU8mmSA63HknxQMmWHjpzuNLBKflvVwQc2tpoVKg0biWleNEJX031ELks0vzFs+dDjOUkCJR72RP6mQHFOg==
  dependencies:
    "@firebase/auth-interop-types" "0.2.5"
    "@firebase/component" "0.7.3"
    "@firebase/logger" "0.5.1"
    "@firebase/util" "1.15.1"
    tslib "^2.1.0"

"@firebase/database-compat@2.1.4":
  version "2.1.4"
  resolved "https://registry.npmjs.org/@firebase/database-compat/-/database-compat-2.1.4.tgz#8ea753bef91d2dfbd81853479799f3ab17ddbbbe"
  integrity sha512-3pK35F1MAgmqFJQlf2nhQl44vtAXQO1uaCaQOEUI9kCRtLFqi7N+QRKR7lFZPg+xIZIyubgxQaxY69YgfZRZWg==
  dependencies:
    "@firebase/component" "0.7.3"
    "@firebase/database" "1.1.3"
    "@firebase/database-types" "1.0.20"
    "@firebase/logger" "0.5.1"
    "@firebase/util" "1.15.1"
    tslib "^2.1.0"

"@firebase/database-types@1.0.20":
  version "1.0.20"
  resolved "https://registry.npmjs.org/@firebase/database-types/-/database-types-1.0.20.tgz#2050c3c13a4b71d92797e1475a297c0b5e0c9f5d"
  integrity sha512-kegbOk/w8iU64pr0q6k2ItyNGjnQBMHFhwS7ohdWI4W+pc0/zhhdGXTdFj6X1oxItRjPoYOsSQmERgBkn/ihxw==
  dependencies:
    "@firebase/app-types" "0.9.5"
    "@firebase/util" "1.15.1"

"@firebase/database@1.1.3":
  version "1.1.3"
  resolved "https://registry.npmjs.org/@firebase/database/-/database-1.1.3.tgz#ae3b1c906c45d70381359e61b4add6fc4beaa51e"
  integrity sha512-XwWCa+E4TvNGpGwXrycLRNfdogADwFcvuhyow6wDWma9W54roaQIhe+4PM0KiLsIftBdSCGI7OKCXrdSRHbIhw==
  dependencies:
    "@firebase/app-check-interop-types" "0.3.4"
    "@firebase/auth-interop-types" "0.2.5"
    "@firebase/component" "0.7.3"
    "@firebase/logger" "0.5.1"
    "@firebase/util" "1.15.1"
    faye-websocket "0.11.4"
    tslib "^2.1.0"

"@firebase/firestore-compat@0.4.11":
  version "0.4.11"
  resolved "https://registry.npmjs.org/@firebase/firestore-compat/-/firestore-compat-0.4.11.tgz#f382491377bad53e0aec888c62dfe400865266b5"
  integrity sha512-W7o1WdwWq5aABK5Up2ncSvTQs/QGLR/fy7cVpFBNqhsXtxoMtflHf2xBIG6+aoptcuGAobddq4g2Sq27wqHaYw==
  dependencies:
    "@firebase/component" "0.7.3"
    "@firebase/firestore" "4.16.0"
    "@firebase/firestore-types" "3.0.4"
    "@firebase/util" "1.15.1"
    tslib "^2.1.0"

"@firebase/firestore-types@3.0.4":
  version "3.0.4"
  resolved "https://registry.npmjs.org/@firebase/firestore-types/-/firestore-types-3.0.4.tgz#a7205638195de1d356fbd39a620fd2d93c11d792"
  integrity sha512-jGn+JSS4X9zZsrfu7Yw66v5YRdOLD1oyQh4USR0xWl4CUqV/DA6bNIXRPpxH/cUl3iVTNiP6MN7g+EL42A4qfA==

"@firebase/firestore@4.16.0":
  version "4.16.0"
  resolved "https://registry.npmjs.org/@firebase/firestore/-/firestore-4.16.0.tgz#502b35d7ed4cdc61d62a02311a67145192c804f6"
  integrity sha512-qdHMHMvMr0nRMuZyWNR/ArWa0YlPE3C4eAbmxTASJMYXAesKPL0Y54p70moggrNPzaK7MSIIq5RDJJyntQyIYA==
  dependencies:
    "@firebase/component" "0.7.3"
    "@firebase/logger" "0.5.1"
    "@firebase/util" "1.15.1"
    "@firebase/webchannel-wrapper" "1.0.6"
    "@grpc/grpc-js" "~1.9.0"
    "@grpc/proto-loader" "^0.7.8"
    re2js "^0.4.2"
    tslib "^2.1.0"

"@firebase/functions-compat@0.4.5":
  version "0.4.5"
  resolved "https://registry.npmjs.org/@firebase/functions-compat/-/functions-compat-0.4.5.tgz#5e22c71c5b11c7d49177fd7b0ff62d8583567604"
  integrity sha512-10qlUXGY25G5/1g9UihqksPp2po+ZqSE7LEizsrdUP7vrTmkysXxGSZCDyojSEp6mQe/ecRDdDDI+z4XRdb4wQ==
  dependencies:
    "@firebase/component" "0.7.3"
    "@firebase/functions" "0.13.5"
    "@firebase/functions-types" "0.6.4"
    "@firebase/util" "1.15.1"
    tslib "^2.1.0"

"@firebase/functions-types@0.6.4":
  version "0.6.4"
  resolved "https://registry.npmjs.org/@firebase/functions-types/-/functions-types-0.6.4.tgz#bb73ed93aa396419f907967202572ea55a605a40"
  integrity sha512-zV6kgqtduR4rUAdC/ilS7kmb93XD7bEZoJDlVBZqlOw2uGGGCNBQBuleww2rr0Ulr3L9o2TDjumEt68/l1f9DQ==

"@firebase/functions@0.13.5":
  version "0.13.5"
  resolved "https://registry.npmjs.org/@firebase/functions/-/functions-0.13.5.tgz#a4e099c072d7eac32b0f835438c45fa29a531e93"
  integrity sha512-bWCx713f4kE/uFV7gdFOLBS7lDoiZj48MRkbAqe35gkXcCeWF4QjRNO07Jhmve7EJIoQOBczL29y2r8VRuN1kw==
  dependencies:
    "@firebase/app-check-interop-types" "0.3.4"
    "@firebase/auth-interop-types" "0.2.5"
    "@firebase/component" "0.7.3"
    "@firebase/messaging-interop-types" "0.2.5"
    "@firebase/util" "1.15.1"
    tslib "^2.1.0"

"@firebase/installations-compat@0.2.22":
  version "0.2.22"
  resolved "https://registry.npmjs.org/@firebase/installations-compat/-/installations-compat-0.2.22.tgz#d8287cef67879b3d3e796fc7e81256e1b75c8c8a"
  integrity sha512-C/zpAuTP5S9OgKSPvXRupw3hoY/JZSlA1wFjD/Sb7LIQE0FNbcMdO8Y4KXVEkjVzma/DDDDIAzxEXqKMAzc88w==
  dependencies:
    "@firebase/component" "0.7.3"
    "@firebase/installations" "0.6.22"
    "@firebase/installations-types" "0.5.4"
    "@firebase/util" "1.15.1"
    tslib "^2.1.0"

"@firebase/installations-types@0.5.4":
  version "0.5.4"
  resolved "https://registry.npmjs.org/@firebase/installations-types/-/installations-types-0.5.4.tgz#3b1e41ae7d1b89eb3b4a1c9cc583a12bed83aa27"
  integrity sha512-U2eFapdHwjb43Vx9o+Pmj4dFfvcHEK1IirEFLqMtWrTHvmdrS3gBpBD1kmJk/9HjsOtoHZxJ2Paoe79e+L1ZPg==

"@firebase/installations@0.6.22":
  version "0.6.22"
  resolved "https://registry.npmjs.org/@firebase/installations/-/installations-0.6.22.tgz#f5e7d2f51e58d22f8fd5c44901e56e3555d58837"
  integrity sha512-ef6nn3GGQTdReCfotRMG77PJZu8CqEbiK5pEoBnM0gTu/Z9v0i/az2p3HABsa/1beQmmyh1OsOjf7P5+pgwdZw==
  dependencies:
    "@firebase/component" "0.7.3"
    "@firebase/util" "1.15.1"
    idb "7.1.1"
    tslib "^2.1.0"

"@firebase/logger@0.5.1":
  version "0.5.1"
  resolved "https://registry.npmjs.org/@firebase/logger/-/logger-0.5.1.tgz#da1eb266b3fa8d1375617cb64c36c9a5cb63d8e1"
  integrity sha512-vZKLsqE1ABOy8OjQiE7cUTFn4gvaqlk88yp8N94Pk/sDpq61YqZGqmVFZTvOyflTwuYFcWirBdYGoJgbDaXKYQ==
  dependencies:
    tslib "^2.1.0"

"@firebase/messaging-compat@0.2.27":
  version "0.2.27"
  resolved "https://registry.npmjs.org/@firebase/messaging-compat/-/messaging-compat-0.2.27.tgz#55a5d0754f54ecf9befac7c0574a2c8f6899b208"
  integrity sha512-JNOiu1PPgdHzEPEtoFiNxQuu0x9bm4bfETSQCpGfcTlgWkhlSK7uh7nlsjC10TQLUNgYetLmuutaYTh8aeYLVA==
  dependencies:
    "@firebase/component" "0.7.3"
    "@firebase/messaging" "0.13.0"
    "@firebase/util" "1.15.1"
    tslib "^2.1.0"

"@firebase/messaging-interop-types@0.2.5":
  version "0.2.5"
  resolved "https://registry.npmjs.org/@firebase/messaging-interop-types/-/messaging-interop-types-0.2.5.tgz#078657f9be789bfaa31156a969630ecc4c0d5e16"
  integrity sha512-tUEKnaAP2Y/MNIqgnriPpV6e5l13Vs/+p2yrd6NGlncPJT9O3a8muYZtdnWe+IJ4fgKLHJVC79n/asxk/N5Msw==

"@firebase/messaging@0.13.0":
  version "0.13.0"
  resolved "https://registry.npmjs.org/@firebase/messaging/-/messaging-0.13.0.tgz#40b0c9a564759c963527c8aef9038c438397c3c7"
  integrity sha512-GZoo0uGRvEbszo83xcgbjJp4FpkmBEr4l8Z4hi8gl+P1Spn/MTK3HapanMzSX4yUHuTEiF5hasWRxOaz+o5sxQ==
  dependencies:
    "@firebase/component" "0.7.3"
    "@firebase/installations" "0.6.22"
    "@firebase/messaging-interop-types" "0.2.5"
    "@firebase/util" "1.15.1"
    idb "7.1.1"
    tslib "^2.1.0"

"@firebase/performance-compat@0.2.25":
  version "0.2.25"
  resolved "https://registry.npmjs.org/@firebase/performance-compat/-/performance-compat-0.2.25.tgz#2c23654e67d974b0679b39a18a7672bf886d0bb5"
  integrity sha512-q6NjTXpIPoFuUmCmMN/maCdTgzT6aExs9xZo+PxfVLj6uLVGvpyAD6XWjmcrb7jChsFBYbq7E5dyNDF7Zhy9kA==
  dependencies:
    "@firebase/component" "0.7.3"
    "@firebase/logger" "0.5.1"
    "@firebase/performance" "0.7.12"
    "@firebase/performance-types" "0.2.4"
    "@firebase/util" "1.15.1"
    tslib "^2.1.0"

"@firebase/performance-types@0.2.4":
  version "0.2.4"
  resolved "https://registry.npmjs.org/@firebase/performance-types/-/performance-types-0.2.4.tgz#9aa9e531f974f4b5e5a09bffff12406e0dc11e1f"
  integrity sha512-kJSEk7b0uhpcPRyL4SQ/GPujLqk52XNKcXlnsKDbWGAb9vugcLvOU3u6zfEdwd+d8hWJb5S5ZizV1JFFI0nkKg==

"@firebase/performance@0.7.12":
  version "0.7.12"
  resolved "https://registry.npmjs.org/@firebase/performance/-/performance-0.7.12.tgz#7d46c91f4942df365669dbb32492c100d069bad6"
  integrity sha512-fe7nV8teUU3OBHlMUZ9Lw4gLhCW2k4m5Uc3pfWGV+fl8uwJQBGp9Q3lqsJ+HSrFu3Q2pJyLAgrClPGSKyDeYgQ==
  dependencies:
    "@firebase/component" "0.7.3"
    "@firebase/installations" "0.6.22"
    "@firebase/logger" "0.5.1"
    "@firebase/util" "1.15.1"
    tslib "^2.1.0"
    web-vitals "^4.2.4"

"@firebase/remote-config-compat@0.2.26":
  version "0.2.26"
  resolved "https://registry.npmjs.org/@firebase/remote-config-compat/-/remote-config-compat-0.2.26.tgz#2c862af744f596ea4ae6e1abbbba2d9607572afb"
  integrity sha512-uC57Tc7GYYOCnMgLkGIVf999XlaYaPDONoa54c93YTKDctlvCZI89z0zQ2RbhGR8Zf+QuCbQHs/99vqoE84a7g==
  dependencies:
    "@firebase/component" "0.7.3"
    "@firebase/logger" "0.5.1"
    "@firebase/remote-config" "0.8.5"
    "@firebase/remote-config-types" "0.5.1"
    "@firebase/util" "1.15.1"
    tslib "^2.1.0"

"@firebase/remote-config-types@0.5.1":
  version "0.5.1"
  resolved "https://registry.npmjs.org/@firebase/remote-config-types/-/remote-config-types-0.5.1.tgz#2bc52831f8b52aff2b1b434158b4f7803e05f86e"
  integrity sha512-cX/1LT6KQwkXzck2eSzeKnuvXZCyr8qaPpDcikoJs7jmI+oBOXixpDLeDtWj1U6GNMkIoXrEDNoyT2Ypcyp5/A==

"@firebase/remote-config@0.8.5":
  version "0.8.5"
  resolved "https://registry.npmjs.org/@firebase/remote-config/-/remote-config-0.8.5.tgz#273ba61e07a365172abee03a6cf9c0e0ac676aa6"
  integrity sha512-zb+7CDGFP2wYVF1LXQoYIFdoESIQM3p0+uiW1welw8+zvDxAL50K75PKTXXtunJADUrksTVpV7mD0pn54vzJRA==
  dependencies:
    "@firebase/component" "0.7.3"
    "@firebase/installations" "0.6.22"
    "@firebase/logger" "0.5.1"
    "@firebase/util" "1.15.1"
    tslib "^2.1.0"

"@firebase/storage-compat@0.4.3":
  version "0.4.3"
  resolved "https://registry.npmjs.org/@firebase/storage-compat/-/storage-compat-0.4.3.tgz#85a01de8fbd0ef4cad261d39beea5e6391e5a051"
  integrity sha512-gruVqjtUGX8tEoeNbaWXZm0Zfcfcb7fvmDmBxV8yPAbWvExRnZYLO2+qw9idxNE7BvPXt5csyjSYHy//dAizxw==
  dependencies:
    "@firebase/component" "0.7.3"
    "@firebase/storage" "0.14.3"
    "@firebase/storage-types" "0.8.4"
    "@firebase/util" "1.15.1"
    tslib "^2.1.0"

"@firebase/storage-types@0.8.4":
  version "0.8.4"
  resolved "https://registry.npmjs.org/@firebase/storage-types/-/storage-types-0.8.4.tgz#88d72c80eb9a1167da33e8c551fd3b703c2422ec"
  integrity sha512-BT7cwxJOx8SWwlQfrlC+bD/Sk3Cw+1odCi8UZNFNWTVZoPsBnA5W+mqtZzVnvsdJpXCFGSGQ7R7vOR6dtM/BRA==

"@firebase/storage@0.14.3":
  version "0.14.3"
  resolved "https://registry.npmjs.org/@firebase/storage/-/storage-0.14.3.tgz#df93f895ff6f296e9305933cfe6c387d19fa4f93"
  integrity sha512-YX4/YL6P6/fufSSeGnVhjWddcIXbFq2cWIhMKFTZo1E/Rtcl2mJj/BYUQTwJfcE1Tl8un1FOya4L05jcSLN/Eg==
  dependencies:
    "@firebase/component" "0.7.3"
    "@firebase/util" "1.15.1"
    tslib "^2.1.0"

"@firebase/util@1.15.1":
  version "1.15.1"
  resolved "https://registry.npmjs.org/@firebase/util/-/util-1.15.1.tgz#7efaf8903f50b601c06afbaffbeb48ed2ba7aab8"
  integrity sha512-LUdM4Wg7YM9Pq/49nGYySJA0CSQEKnGffFzWV8+6gXN7mGxn+FL1IqvFbuZUtAQcfZgHYDwCE1wwlK7rB7gl2g==
  dependencies:
    tslib "^2.1.0"

"@firebase/webchannel-wrapper@1.0.6":
  version "1.0.6"
  resolved "https://registry.npmjs.org/@firebase/webchannel-wrapper/-/webchannel-wrapper-1.0.6.tgz#4be6a62b8c27a6bad8cc8da41f9a12de901e965d"
  integrity sha512-Vr/Mqu79dMwGRAyGbJ4uN4+BtXB3/mRTdzetD1daWNeG8QaWuzhhbG77GltO5c0yYmYls8i250iX73624GJd7Q==

"@grpc/grpc-js@~1.9.0":
  version "1.9.16"
  resolved "https://registry.npmjs.org/@grpc/grpc-js/-/grpc-js-1.9.16.tgz#614f85036ac8e3c957374c1bd1ebb05934a79a1c"
  integrity sha512-wE4Ut/olIzfKqp631XrG+wbF0v1vWFN4YL9FyXC2LJiG33DsV7PLzURjrCvY/6je2ntdRkeLpPDluzSRGaVltQ==
  dependencies:
    "@grpc/proto-loader" "^0.7.8"
    "@types/node" ">=12.12.47"

"@grpc/proto-loader@^0.7.8":
  version "0.7.15"
  resolved "https://registry.npmjs.org/@grpc/proto-loader/-/proto-loader-0.7.15.tgz#4cdfbf35a35461fc843abe8b9e2c0770b5095e60"
  integrity sha512-tMXdRCfYVixjuFK+Hk0Q1s38gV9zDiDJfWL3h1rv4Qc39oILCu1TRTDt7+fGUI8K4G1Fj125Hx/ru3azECWTyQ==
  dependencies:
    lodash.camelcase "^4.3.0"
    long "^5.0.0"
    protobufjs "^7.2.5"
    yargs "^17.7.2"

"@jridgewell/resolve-uri@^3.0.3":
  version "3.1.2"
  resolved "https://registry.npmjs.org/@jridgewell/resolve-uri/-/resolve-uri-3.1.2.tgz#7a0ee601f60f99a20c7c7c5ff0c80388c1189bd6"
  integrity sha512-bRISgCIjP20/tbWSPWMEi54QVPRZExkuD9lJL+UIxUKtwVJA8wW1Trb1jMs1RFXo1CBTNZ/5hpC9QvmKWdopKw==

"@jridgewell/sourcemap-codec@^1.4.10":
  version "1.5.5"
  resolved "https://registry.npmjs.org/@jridgewell/sourcemap-codec/-/sourcemap-codec-1.5.5.tgz#6912b00d2c631c0d15ce1a7ab57cd657f2a8f8ba"
  integrity sha512-cYQ9310grqxueWbl+WuIUIaiUaDcj7WOq5fVhEljNVgRfOUhY9fy2zTvfoqWsnebh8Sl70VScFbICvJnLKB0Og==

"@jridgewell/trace-mapping@0.3.9":
  version "0.3.9"
  resolved "https://registry.npmjs.org/@jridgewell/trace-mapping/-/trace-mapping-0.3.9.tgz#6534fd5933a53ba7cbf3a17615e273a0d1273ff9"
  integrity sha512-3Belt6tdc8bPgAtbcmdtNJlirVoTmEb5e2gC94PnkwEW9jI6CAHUeoG85tjWP5WquqfavoMtMwiG4P926ZKKuQ==
  dependencies:
    "@jridgewell/resolve-uri" "^3.0.3"
    "@jridgewell/sourcemap-codec" "^1.4.10"

"@protobufjs/aspromise@^1.1.1", "@protobufjs/aspromise@^1.1.2":
  version "1.1.2"
  resolved "https://registry.npmjs.org/@protobufjs/aspromise/-/aspromise-1.1.2.tgz#9b8b0cc663d669a7d8f6f5d0893a14d348f30fbf"
  integrity sha512-j+gKExEuLmKwvz3OgROXtrJ2UG2x8Ch2YZUxahh+s1F2HZ+wAceUNLkvy6zKCPVRkU++ZWQrdxsUeQXmcg4uoQ==

"@protobufjs/base64@^1.1.2":
  version "1.1.2"
  resolved "https://registry.npmjs.org/@protobufjs/base64/-/base64-1.1.2.tgz#4c85730e59b9a1f1f349047dbf24296034bb2735"
  integrity sha512-AZkcAA5vnN/v4PDqKyMR5lx7hZttPDgClv83E//FMNhR2TMcLUhfRUBHCmSl0oi9zMgDDqRUJkSxO3wm85+XLg==

"@protobufjs/codegen@^2.0.5":
  version "2.0.5"
  resolved "https://registry.npmjs.org/@protobufjs/codegen/-/codegen-2.0.5.tgz#d9315ad7cf3f30aac70bda3c068443dc6f143659"
  integrity sha512-zgXFLzW3Ap33e6d0Wlj4MGIm6Ce8O89n/apUaGNB/jx+hw+ruWEp7EwGUshdLKVRCxZW12fp9r40E1mQrf/34g==

"@protobufjs/eventemitter@^1.1.1":
  version "1.1.1"
  resolved "https://registry.npmjs.org/@protobufjs/eventemitter/-/eventemitter-1.1.1.tgz#d512cb26c0ae026091ee2c1167f1be6faf5c842a"
  integrity sha512-vW1GmwMZNnL+gMRaovlh9yZX74kc+TTU3FObkkurpMaRtBfLP3ldjS9KQWlwZgraRE0+dheEEoAxdzcJQ8eXZg==

"@protobufjs/fetch@^1.1.1":
  version "1.1.1"
  resolved "https://registry.npmjs.org/@protobufjs/fetch/-/fetch-1.1.1.tgz#4d6fc00c8fb64016a5c81b469d549046350f1065"
  integrity sha512-GpptLrs57adMSuHi3VNj0mAF8dwh36LMaYF6XyJ6JMWlVsc+t42tm1HSEDmOs3A8fC9yyeisgLhsTVQokOZ0zw==
  dependencies:
    "@protobufjs/aspromise" "^1.1.1"

"@protobufjs/float@^1.0.2":
  version "1.0.2"
  resolved "https://registry.npmjs.org/@protobufjs/float/-/float-1.0.2.tgz#5e9e1abdcb73fc0a7cb8b291df78c8cbd97b87d1"
  integrity sha512-Ddb+kVXlXst9d+R9PfTIxh1EdNkgoRe5tOX6t01f1lYWOvJnSPDBlG241QLzcyPdoNTsblLUdujGSE4RzrTZGQ==

"@protobufjs/path@^1.1.2":
  version "1.1.2"
  resolved "https://registry.npmjs.org/@protobufjs/path/-/path-1.1.2.tgz#6cc2b20c5c9ad6ad0dccfd21ca7673d8d7fbf68d"
  integrity sha512-6JOcJ5Tm08dOHAbdR3GrvP+yUUfkjG5ePsHYczMFLq3ZmMkAD98cDgcT2iA1lJ9NVwFd4tH/iSSoe44YWkltEA==

"@protobufjs/pool@^1.1.0":
  version "1.1.0"
  resolved "https://registry.npmjs.org/@protobufjs/pool/-/pool-1.1.0.tgz#09fd15f2d6d3abfa9b65bc366506d6ad7846ff54"
  integrity sha512-0kELaGSIDBKvcgS4zkjz1PeddatrjYcmMWOlAuAPwAeccUrPHdUqo/J6LiymHHEiJT5NrF1UVwxY14f+fy4WQw==

"@protobufjs/utf8@^1.1.1":
  version "1.1.1"
  resolved "https://registry.npmjs.org/@protobufjs/utf8/-/utf8-1.1.1.tgz#eaee5900122c110a3dbcb728c0597014a2621774"
  integrity sha512-oOAWABowe8EAbMyWKM0tYDKi8Yaox52D+HWZhAIJqQXbqe0xI/GV7FhLWqlEKreMkfDjshR5FKgi3mnle0h6Eg==

"@tsconfig/node10@^1.0.7":
  version "1.0.12"
  resolved "https://registry.npmjs.org/@tsconfig/node10/-/node10-1.0.12.tgz#be57ceac1e4692b41be9de6be8c32a106636dba4"
  integrity sha512-UCYBaeFvM11aU2y3YPZ//O5Rhj+xKyzy7mvcIoAjASbigy8mHMryP5cK7dgjlz2hWxh1g5pLw084E0a/wlUSFQ==

"@tsconfig/node12@^1.0.7":
  version "1.0.11"
  resolved "https://registry.npmjs.org/@tsconfig/node12/-/node12-1.0.11.tgz#ee3def1f27d9ed66dac6e46a295cffb0152e058d"
  integrity sha512-cqefuRsh12pWyGsIoBKJA9luFu3mRxCA+ORZvA4ktLSzIuCUtWVxGIuXigEwO5/ywWFMZ2QEGKWvkZG1zDMTag==

"@tsconfig/node14@^1.0.0":
  version "1.0.3"
  resolved "https://registry.npmjs.org/@tsconfig/node14/-/node14-1.0.3.tgz#e4386316284f00b98435bf40f72f75a09dabf6c1"
  integrity sha512-ysT8mhdixWK6Hw3i1V2AeRqZ5WfXg1G43mqoYlM2nc6388Fq5jcXyr5mRsqViLx/GJYdoL0bfXD8nmF+Zn/Iow==

"@tsconfig/node16@^1.0.2":
  version "1.0.4"
  resolved "https://registry.npmjs.org/@tsconfig/node16/-/node16-1.0.4.tgz#0b92dcc0cc1c81f6f306a381f28e31b1a56536e9"
  integrity sha512-vxhUy4J8lyeyinH7Azl1pdd43GJhZH/tP2weN8TntQblOY+A0XbT8DJk1/oCPuOOyg/Ja757rG0CgHcWC8OfMA==

"@types/node@18.19.83":
  version "18.19.83"
  resolved "https://registry.npmjs.org/@types/node/-/node-18.19.83.tgz#44d302cd09364640bdd45d001bc75e596f7da920"
  integrity sha512-D69JeR5SfFS5H6FLbUaS0vE4r1dGhmMBbG4Ed6BNS4wkDK8GZjsdCShT5LCN59vOHEUHnFCY9J4aclXlIphMkA==
  dependencies:
    undici-types "~5.26.4"

"@types/node@>=12.12.47", "@types/node@>=13.7.0":
  version "26.1.0"
  resolved "https://registry.npmjs.org/@types/node/-/node-26.1.0.tgz#aa85f0727fc5611347091c478341c63650903439"
  integrity sha512-O0A1G3xPGy4w7AgQdAQYUlQ+BKk2Oovw8eRpofyp5KdBZULnbe+WqaOVNrm705SHphCiG4XHsACrSmPu1f+Kgw==
  dependencies:
    undici-types "~8.3.0"

acorn-walk@^8.1.1:
  version "8.3.5"
  resolved "https://registry.npmjs.org/acorn-walk/-/acorn-walk-8.3.5.tgz#8a6b8ca8fc5b34685af15dabb44118663c296496"
  integrity sha512-HEHNfbars9v4pgpW6SO1KSPkfoS0xVOM/9UzkJltjlsHZmJasxg8aXkuZa7SMf8vKGIBhpUsPluQSqhJFCqebw==
  dependencies:
    acorn "^8.11.0"

acorn@^8.11.0, acorn@^8.4.1:
  version "8.17.0"
  resolved "https://registry.npmjs.org/acorn/-/acorn-8.17.0.tgz#1785adb84faf8d8add10369b93826fc2bd08f1fe"
  integrity sha512-xRQbDb9BnwDafYNn6Vwl839DYVjqXYb1XVGtWAZ1kcDc6iwAL4hg3B1dZlRiuENFeO2H53gFG3in621AdERVAg==

ansi-regex@^5.0.1:
  version "5.0.1"
  resolved "https://registry.npmjs.org/ansi-regex/-/ansi-regex-5.0.1.tgz#082cb2c89c9fe8659a311a53bd6a4dc5301db304"
  integrity sha512-quJQXlTSUGL2LH9SUXo8VwsY4soanhgo6LNSm84E1LBcE8s3O0wpdiRzyR9z/ZZJMlMWv37qOOb9pdJlMUEKFQ==

ansi-styles@^4.0.0:
  version "4.3.0"
  resolved "https://registry.npmjs.org/ansi-styles/-/ansi-styles-4.3.0.tgz#edd803628ae71c04c85ae7a0906edad34b648937"
  integrity sha512-zbB9rCJAT1rbjiVDb2hqKFHNYLxgtk8NURxZ3IZwD3F6NtxbXZQCnnSi1Lkx+IDohdPlFp222wVALIheZJQSEg==
  dependencies:
    color-convert "^2.0.1"

arg@^4.1.0:
  version "4.1.3"
  resolved "https://registry.npmjs.org/arg/-/arg-4.1.3.tgz#269fc7ad5b8e42cb63c896d5666017261c144089"
  integrity sha512-58S9QDqG0Xx27YwPSt9fJxivjYl432YCwfDMfZ+71RAqUrZef7LrKQZ3LHLOwCS4FLNBplP533Zx895SeOCHvA==

cliui@^8.0.1:
  version "8.0.1"
  resolved "https://registry.npmjs.org/cliui/-/cliui-8.0.1.tgz#0c04b075db02cbfe60dc8e6cf2f5486b1a3608aa"
  integrity sha512-BSeNnyus75C4//NQ9gQt1/csTXyo/8Sb+afLAkzAptFuMsod9HFokGNudZpi/oQV73hnVK+sR+5PVRMd+Dr7YQ==
  dependencies:
    string-width "^4.2.0"
    strip-ansi "^6.0.1"
    wrap-ansi "^7.0.0"

color-convert@^2.0.1:
  version "2.0.1"
  resolved "https://registry.npmjs.org/color-convert/-/color-convert-2.0.1.tgz#72d3a68d598c9bdb3af2ad1e84f21d896abd4de3"
  integrity sha512-RRECPsj7iu/xb5oKYcsFHSppFNnsj/52OVTRKb4zP5onXwVF3zVmmToNcOfGC+CRDpfK/U584fMg38ZHCaElKQ==
  dependencies:
    color-name "~1.1.4"

color-name@~1.1.4:
  version "1.1.4"
  resolved "https://registry.npmjs.org/color-name/-/color-name-1.1.4.tgz#c2a09a87acbde69543de6f63fa3995c826c536a2"
  integrity sha512-dOy+3AuW3a2wNbZHIuMZpTcgjGuLU/uBL/ubcZF9OXbDo8ff4O8yVp5Bf0efS8uEoYo5q4Fx7dY9OgQGXgAsQA==

create-require@^1.1.0:
  version "1.1.1"
  resolved "https://registry.npmjs.org/create-require/-/create-require-1.1.1.tgz#c1d7e8f1e5f6cfc9ff65f9cd352d37348756c333"
  integrity sha512-dcKFX3jn0MpIaXjisoRvexIJVEKzaq7z2rZKxf+MSr9TkdmHmsU4m2lcLojrj/FHl8mk5VxMmYA+ftRkP/3oKQ==

diff@^4.0.1:
  version "4.0.4"
  resolved "https://registry.npmjs.org/diff/-/diff-4.0.4.tgz#7a6dbfda325f25f07517e9b518f897c08332e07d"
  integrity sha512-X07nttJQkwkfKfvTPG/KSnE2OMdcUCao6+eXF3wmnIQRn2aPAHH3VxDbDOdegkd6JbPsXqShpvEOHfAT+nCNwQ==

emoji-regex@^8.0.0:
  version "8.0.0"
  resolved "https://registry.npmjs.org/emoji-regex/-/emoji-regex-8.0.0.tgz#e818fd69ce5ccfcb404594f842963bf53164cc37"
  integrity sha512-MSjYzcWNOA0ewAHpz0MxpYFvwg6yjy1NG3xteoqz644VCo/RPgnr1/GGt+ic3iJTzQ8Eu3TdM14SawnVUmGE6A==

escalade@^3.1.1:
  version "3.2.0"
  resolved "https://registry.npmjs.org/escalade/-/escalade-3.2.0.tgz#011a3f69856ba189dffa7dc8fcce99d2a87903e5"
  integrity sha512-WUj2qlxaQtO4g6Pq5c29GTcWGDyd8itL8zTlipgECz3JesAiiOKotd8JU6otB3PACgG6xkJUyVhboMS+bje/jA==

faye-websocket@0.11.4:
  version "0.11.4"
  resolved "https://registry.npmjs.org/faye-websocket/-/faye-websocket-0.11.4.tgz#7f0d9275cfdd86a1c963dc8b65fcc451edcbb1da"
  integrity sha512-CzbClwlXAuiRQAlUyfqPgvPoNKTckTPGfwZV4ZdAhVcP2lh9KUxJg2b5GkE7XbjKQ3YJnQ9z6D9ntLAlB+tP8g==
  dependencies:
    websocket-driver ">=0.5.1"

firebase@latest:
  version "12.15.0"
  resolved "https://registry.npmjs.org/firebase/-/firebase-12.15.0.tgz#30efa309ebcac219f43adf0de462351185cb76e0"
  integrity sha512-p0YTLcRSTiBXMx9sGr4ZNSfLjc/RVBEw4C/TXjVMtw65+6E1Pbm47UY3F4/AqRoDobEcNX3gsbPGy7jPjxbgSQ==
  dependencies:
    "@firebase/ai" "2.13.1"
    "@firebase/analytics" "0.10.22"
    "@firebase/analytics-compat" "0.2.28"
    "@firebase/app" "0.15.0"
    "@firebase/app-check" "0.12.0"
    "@firebase/app-check-compat" "0.4.5"
    "@firebase/app-compat" "0.5.14"
    "@firebase/app-types" "0.9.5"
    "@firebase/auth" "1.13.3"
    "@firebase/auth-compat" "0.6.8"
    "@firebase/data-connect" "0.7.1"
    "@firebase/database" "1.1.3"
    "@firebase/database-compat" "2.1.4"
    "@firebase/firestore" "4.16.0"
    "@firebase/firestore-compat" "0.4.11"
    "@firebase/functions" "0.13.5"
    "@firebase/functions-compat" "0.4.5"
    "@firebase/installations" "0.6.22"
    "@firebase/installations-compat" "0.2.22"
    "@firebase/messaging" "0.13.0"
    "@firebase/messaging-compat" "0.2.27"
    "@firebase/performance" "0.7.12"
    "@firebase/performance-compat" "0.2.25"
    "@firebase/remote-config" "0.8.5"
    "@firebase/remote-config-compat" "0.2.26"
    "@firebase/storage" "0.14.3"
    "@firebase/storage-compat" "0.4.3"
    "@firebase/util" "1.15.1"

get-caller-file@^2.0.5:
  version "2.0.5"
  resolved "https://registry.npmjs.org/get-caller-file/-/get-caller-file-2.0.5.tgz#4f94412a82db32f36e3b0b9741f8a97feb031f7e"
  integrity sha512-DyFP3BM/3YHTQOCUL/w0OZHR0lpKeGrxotcHWcqNEdnltqFwXVfhEBQ94eIo34AfQpo0rGki4cyIiftY06h2Fg==

http-parser-js@>=0.5.1:
  version "0.5.10"
  resolved "https://registry.npmjs.org/http-parser-js/-/http-parser-js-0.5.10.tgz#b3277bd6d7ed5588e20ea73bf724fcbe44609075"
  integrity sha512-Pysuw9XpUq5dVc/2SMHpuTY01RFl8fttgcyunjL7eEMhGM3cI4eOmiCycJDVCo/7O7ClfQD3SaI6ftDzqOXYMA==

idb@7.1.1:
  version "7.1.1"
  resolved "https://registry.npmjs.org/idb/-/idb-7.1.1.tgz#d910ded866d32c7ced9befc5bfdf36f572ced72b"
  integrity sha512-gchesWBzyvGHRO9W8tzUWFDycow5gwjvFKfyV9FF32Y7F50yZMp7mP+T2mJIWFx49zicqyC4uefHM17o6xKIVQ==

is-fullwidth-code-point@^3.0.0:
  version "3.0.0"
  resolved "https://registry.npmjs.org/is-fullwidth-code-point/-/is-fullwidth-code-point-3.0.0.tgz#f116f8064fe90b3f7844a38997c0b75051269f1d"
  integrity sha512-zymm5+u+sCsSWyD9qNaejV3DFvhCKclKdizYaJUuHA83RLjb7nSuGnddCHGv0hk+KY7BMAlsWeK4Ueg6EV6XQg==

lodash.camelcase@^4.3.0:
  version "4.3.0"
  resolved "https://registry.npmjs.org/lodash.camelcase/-/lodash.camelcase-4.3.0.tgz#b28aa6288a2b9fc651035c7711f65ab6190331a6"
  integrity sha512-TwuEnCnxbc3rAvhf/LbG7tJUDzhqXyFnv3dtzLOPgCG/hODL7WFnsbwktkD7yUV0RrreP/l1PALq/YSg6VvjlA==

long@^5.0.0, long@^5.3.2:
  version "5.3.2"
  resolved "https://registry.npmjs.org/long/-/long-5.3.2.tgz#1d84463095999262d7d7b7f8bfd4a8cc55167f83"
  integrity sha512-mNAgZ1GmyNhD7AuqnTG3/VQ26o760+ZYBPKjPvugO8+nLbYfX6TVpJPseBvopbdY+qpZ/lKUnmEc1LeZYS3QAA==

make-error@^1.1.1:
  version "1.3.6"
  resolved "https://registry.npmjs.org/make-error/-/make-error-1.3.6.tgz#2eb2e37ea9b67c4891f684a1394799af484cf7a2"
  integrity sha512-s8UhlNe7vPKomQhC1qFelMokr/Sc3AgNbso3n74mVPA5LTZwkB9NlXf4XPamLxJE8h0gh73rM94xvwRT2CVInw==

protobufjs@^7.2.5:
  version "7.6.4"
  resolved "https://registry.npmjs.org/protobufjs/-/protobufjs-7.6.4.tgz#8bb000300026efd63eb7951d26e5dbb38f5658f2"
  integrity sha512-RJJPTTpvFfHcWLkIa2JFWK4XvtSzS0yEWDmunqHXli1h3JlkbcQZXDZdcWxv+JK3Xsl5/UFDPZ0iGm7DAengYw==
  dependencies:
    "@protobufjs/aspromise" "^1.1.2"
    "@protobufjs/base64" "^1.1.2"
    "@protobufjs/codegen" "^2.0.5"
    "@protobufjs/eventemitter" "^1.1.1"
    "@protobufjs/fetch" "^1.1.1"
    "@protobufjs/float" "^1.0.2"
    "@protobufjs/path" "^1.1.2"
    "@protobufjs/pool" "^1.1.0"
    "@protobufjs/utf8" "^1.1.1"
    "@types/node" ">=13.7.0"
    long "^5.3.2"

re2js@^0.4.2:
  version "0.4.3"
  resolved "https://registry.npmjs.org/re2js/-/re2js-0.4.3.tgz#1318cd0c12aa6ed3ba56d5e012311ffbfb2aef35"
  integrity sha512-EuNmh7jurhHEE8Ge/lBo9JuMLb3qf866Xjjfyovw3wPc7+hlqDkZq4LwhrCQMEI+ARWfrKrHozEndzlpNT0WDg==

require-directory@^2.1.1:
  version "2.1.1"
  resolved "https://registry.npmjs.org/require-directory/-/require-directory-2.1.1.tgz#8c64ad5fd30dab1c976e2344ffe7f792a6a6df42"
  integrity sha512-fGxEI7+wsG9xrvdjsrlmL22OMTTiHRwAMroiEeMgq8gzoLC/PQr7RsRDSTLUg/bZAZtF+TVIkHc6/4RIKrui+Q==

safe-buffer@>=5.1.0:
  version "5.2.1"
  resolved "https://registry.npmjs.org/safe-buffer/-/safe-buffer-5.2.1.tgz#1eaf9fa9bdb1fdd4ec75f58f9cdb4e6b7827eec6"
  integrity sha512-rp3So07KcdmmKbGvgaNxQSJr7bGVSVk5S9Eq1F+ppbRo70+YeaDxkw5Dd8NPN+GD6bjnYm2VuPuCXmpuYvmCXQ==

string-width@^4.1.0, string-width@^4.2.0, string-width@^4.2.3:
  version "4.2.3"
  resolved "https://registry.npmjs.org/string-width/-/string-width-4.2.3.tgz#269c7117d27b05ad2e536830a8ec895ef9c6d010"
  integrity sha512-wKyQRQpjJ0sIp62ErSZdGsjMJWsap5oRNihHhu6G7JVO/9jIB6UyevL+tXuOqrng8j/cxKTWyWUwvSTriiZz/g==
  dependencies:
    emoji-regex "^8.0.0"
    is-fullwidth-code-point "^3.0.0"
    strip-ansi "^6.0.1"

strip-ansi@^6.0.0, strip-ansi@^6.0.1:
  version "6.0.1"
  resolved "https://registry.npmjs.org/strip-ansi/-/strip-ansi-6.0.1.tgz#9e26c63d30f53443e9489495b2105d37b67a85d9"
  integrity sha512-Y38VPSHcqkFrCpFnQ9vuSXmquuv5oXOKpGeT6aGrr3o3Gc9AlVa6JBfUSOCnbxGGZF+/0ooI7KrPuUSztUdU5A==
  dependencies:
    ansi-regex "^5.0.1"

ts-node@^10.9.2:
  version "10.9.2"
  resolved "https://registry.npmjs.org/ts-node/-/ts-node-10.9.2.tgz#70f021c9e185bccdca820e26dc413805c101c71f"
  integrity sha512-f0FFpIdcHgn8zcPSbf1dRevwt047YMnaiJM3u2w2RewrB+fob/zePZcrOyQoLMMO7aBIddLcQIEK5dYjkLnGrQ==
  dependencies:
    "@cspotcode/source-map-support" "^0.8.0"
    "@tsconfig/node10" "^1.0.7"
    "@tsconfig/node12" "^1.0.7"
    "@tsconfig/node14" "^1.0.0"
    "@tsconfig/node16" "^1.0.2"
    acorn "^8.4.1"
    acorn-walk "^8.1.1"
    arg "^4.1.0"
    create-require "^1.1.0"
    diff "^4.0.1"
    make-error "^1.1.1"
    v8-compile-cache-lib "^3.0.1"
    yn "3.1.1"

tslib@^2.1.0:
  version "2.8.1"
  resolved "https://registry.npmjs.org/tslib/-/tslib-2.8.1.tgz#612efe4ed235d567e8aba5f2a5fab70280ade83f"
  integrity sha512-oJFu94HQb+KVduSUQL7wnpmqnfmLsOA/nAh6b6EH0wCEoK0/mPeXU6c3wKDV83MkOuHPRHtSXKKU99IBazS/2w==

typescript@5.5.4:
  version "5.5.4"
  resolved "https://registry.npmjs.org/typescript/-/typescript-5.5.4.tgz#d9852d6c82bad2d2eda4fd74a5762a8f5909e9ba"
  integrity sha512-Mtq29sKDAEYP7aljRgtPOpTvOfbwRWlS6dPRzwjdE+C0R4brX/GUyhHSecbHMFLNBLcJIPt9nl9yG5TZ1weH+Q==

undici-types@~5.26.4:
  version "5.26.5"
  resolved "https://registry.npmjs.org/undici-types/-/undici-types-5.26.5.tgz#bcd539893d00b56e964fd2657a4866b221a65617"
  integrity sha512-JlCMO+ehdEIKqlFxk6IfVoAUVmgz7cU7zD/h9XZ0qzeosSHmUJVOzSQvvYSYWXkFXC+IfLKSIffhv0sVZup6pA==

undici-types@~8.3.0:
  version "8.3.0"
  resolved "https://registry.npmjs.org/undici-types/-/undici-types-8.3.0.tgz#44e9fc9f3244648cdea35e4f9bb2d681e9410809"
  integrity sha512-j375ScV60dom+YkPFIfTLcOiPxkN/buHz5GobjLhixFuANaNs3C9l4GmrWqejgXWJ7BbJcFYpTEUkS1Ge8bpZQ==

v8-compile-cache-lib@^3.0.1:
  version "3.0.1"
  resolved "https://registry.npmjs.org/v8-compile-cache-lib/-/v8-compile-cache-lib-3.0.1.tgz#6336e8d71965cb3d35a1bbb7868445a7c05264bf"
  integrity sha512-wa7YjyUGfNZngI/vtK0UHAN+lgDCxBPCylVXGp0zu59Fz5aiGtNXaq3DhIov063MorB+VfufLh3JlF2KdTK3xg==

web-vitals@^4.2.4:
  version "4.2.4"
  resolved "https://registry.npmjs.org/web-vitals/-/web-vitals-4.2.4.tgz#1d20bc8590a37769bd0902b289550936069184b7"
  integrity sha512-r4DIlprAGwJ7YM11VZp4R884m0Vmgr6EAKe3P+kO0PPj3Unqyvv59rczf6UiGcb9Z8QxZVcqKNwv/g0WNdWwsw==

websocket-driver@>=0.5.1:
  version "0.7.5"
  resolved "https://registry.npmjs.org/websocket-driver/-/websocket-driver-0.7.5.tgz#569d22764ab21f2de20af0e74b411e8ae5a0fa46"
  integrity sha512-ZL2+3c7kMBdIRCMz6l8jQMHyGVxj+UL+xVk74Ombiciboca8rHa15L86B19E5oh1pL9Ii/uj54gtsIrZGMo6zA==
  dependencies:
    http-parser-js ">=0.5.1"
    safe-buffer ">=5.1.0"
    websocket-extensions ">=0.1.1"

websocket-extensions@>=0.1.1:
  version "0.1.4"
  resolved "https://registry.npmjs.org/websocket-extensions/-/websocket-extensions-0.1.4.tgz#7f8473bc839dfd87608adb95d7eb075211578a42"
  integrity sha512-OqedPIGOfsDlo31UNwYbCFMSaO9m9G/0faIHj5/dZFDMFqPTcx6UwqyOy3COEaEOg/9VsGIpdqn62W5KhoKSpg==

wrap-ansi@^7.0.0:
  version "7.0.0"
  resolved "https://registry.npmjs.org/wrap-ansi/-/wrap-ansi-7.0.0.tgz#67e145cff510a6a6984bdf1152911d69d2eb9e43"
  integrity sha512-YVGIj2kamLSTxw6NsZjoBxfSwsn0ycdesmc4p+Q21c5zPuZ1pl+NfxVdxPtdHvmNVOQ6XSYG4AUtyt/Fi7D16Q==
  dependencies:
    ansi-styles "^4.0.0"
    string-width "^4.1.0"
    strip-ansi "^6.0.0"

y18n@^5.0.5:
  version "5.0.8"
  resolved "https://registry.npmjs.org/y18n/-/y18n-5.0.8.tgz#7f4934d0f7ca8c56f95314939ddcd2dd91ce1d55"
  integrity sha512-0pfFzegeDWJHJIAmTLRP2DwHjdF5s7jo9tuztdQxAhINCdvS+3nGINqPd00AphqJR/0LhANUS6/+7SCb98YOfA==

yargs-parser@^21.1.1:
  version "21.1.1"
  resolved "https://registry.npmjs.org/yargs-parser/-/yargs-parser-21.1.1.tgz#9096bceebf990d21bb31fa9516e0ede294a77d35"
  integrity sha512-tVpsJW7DdjecAiFpbIB1e3qxIQsE6NoPc5/eTdrbbIC4h0LVsWhnoa3g+m2HclBIujHzsxZ4VJVA+GUuc2/LBw==

yargs@^17.7.2:
  version "17.7.3"
  resolved "https://registry.npmjs.org/yargs/-/yargs-17.7.3.tgz#779dffe6bcafec596a7172e983289a588647faaa"
  integrity sha512-GZtjxm/J/4TSxuL3FNYjCmLktBTnIw/rVmKSIyKeYAZpmJB2ig9VauCC5xsa82GNKVKDAqpOn3KVzNt0zmrU0g==
  dependencies:
    cliui "^8.0.1"
    escalade "^3.1.1"
    get-caller-file "^2.0.5"
    require-directory "^2.1.1"
    string-width "^4.2.3"
    y18n "^5.0.5"
    yargs-parser "^21.1.1"

yn@3.1.1:
  version "3.1.1"
  resolved "https://registry.npmjs.org/yn/-/yn-3.1.1.tgz#1e87401a09d767c1d5eab26a6e4c185182d2eb50"
  integrity sha512-Ux4ygGWsu2c7isFWe8Yu1YluJmqVhxqK2cLXNQA5AcC3QfbGNpM7fu0Y8b/z16pXLnFxZYvWhd3fhBY9DLmC6Q==
