# THIS IS AN AUTOGENERATED FILE. DO NOT EDIT THIS FILE DIRECTLY.
# yarn lockfile v1


"@cspotcode/source-map-support@^0.8.0":
  version "0.8.1"
  resolved "https://registry.npmjs.org/@cspotcode/source-map-support/-/source-map-support-0.8.1.tgz"
  integrity sha512-IchNf6dN4tHoMFIn/7OE8LWZ19Y6q/67Bmf6vnGREv8RSbBVb9LPJxEcnwrcwX6ixSvaiGoomAUvu4YSxXrVgw==
  dependencies:
    "@jridgewell/trace-mapping" "0.3.9"

"@firebase/ai@2.10.0":
  version "2.10.0"
  resolved "https://registry.npmjs.org/@firebase/ai/-/ai-2.10.0.tgz"
  integrity sha512-1lI6HomyoO/8RSJb6ItyHLpHnB2z27m5F4aX/Vpi1nhwWoxdNjkq+6UQOykHyCE0KairojOE5qQ20i1tnF0nNA==
  dependencies:
    "@firebase/app-check-interop-types" "0.3.3"
    "@firebase/component" "0.7.2"
    "@firebase/logger" "0.5.0"
    "@firebase/util" "1.15.0"
    tslib "^2.1.0"

"@firebase/analytics-compat@0.2.27":
  version "0.2.27"
  resolved "https://registry.npmjs.org/@firebase/analytics-compat/-/analytics-compat-0.2.27.tgz"
  integrity sha512-ZObpYpAxL6JfgH7GnvlDD0sbzGZ0o4nijV8skatV9ZX49hJtCYbFqaEcPYptT94rgX1KUoKEderC7/fa7hybtw==
  dependencies:
    "@firebase/analytics" "0.10.21"
    "@firebase/analytics-types" "0.8.3"
    "@firebase/component" "0.7.2"
    "@firebase/util" "1.15.0"
    tslib "^2.1.0"

"@firebase/analytics-types@0.8.3":
  version "0.8.3"
  resolved "https://registry.npmjs.org/@firebase/analytics-types/-/analytics-types-0.8.3.tgz"
  integrity sha512-VrIp/d8iq2g501qO46uGz3hjbDb8xzYMrbu8Tp0ovzIzrvJZ2fvmj649gTjge/b7cCCcjT0H37g1gVtlNhnkbg==

"@firebase/analytics@0.10.21":
  version "0.10.21"
  resolved "https://registry.npmjs.org/@firebase/analytics/-/analytics-0.10.21.tgz"
  integrity sha512-j2y2q65BlgLGB5Pwjhv/Jopw2X/TBTzvAtI5z/DSp56U4wBj7LfhBfzbdCtFPges+Wz0g55GdoawXibOH5jGng==
  dependencies:
    "@firebase/component" "0.7.2"
    "@firebase/installations" "0.6.21"
    "@firebase/logger" "0.5.0"
    "@firebase/util" "1.15.0"
    tslib "^2.1.0"

"@firebase/app-check-compat@0.4.2":
  version "0.4.2"
  resolved "https://registry.npmjs.org/@firebase/app-check-compat/-/app-check-compat-0.4.2.tgz"
  integrity sha512-M91NhxqbSkI0ChkJWy69blC+rPr6HEgaeRllddSaU1pQ/7IiegeCQM9pPDIgvWnwnBSzKhUHpe6ro/jhJ+cvzw==
  dependencies:
    "@firebase/app-check" "0.11.2"
    "@firebase/app-check-types" "0.5.3"
    "@firebase/component" "0.7.2"
    "@firebase/logger" "0.5.0"
    "@firebase/util" "1.15.0"
    tslib "^2.1.0"

"@firebase/app-check-interop-types@0.3.3":
  version "0.3.3"
  resolved "https://registry.npmjs.org/@firebase/app-check-interop-types/-/app-check-interop-types-0.3.3.tgz"
  integrity sha512-gAlxfPLT2j8bTI/qfe3ahl2I2YcBQ8cFIBdhAQA4I2f3TndcO+22YizyGYuttLHPQEpWkhmpFW60VCFEPg4g5A==

"@firebase/app-check-types@0.5.3":
  version "0.5.3"
  resolved "https://registry.npmjs.org/@firebase/app-check-types/-/app-check-types-0.5.3.tgz"
  integrity sha512-hyl5rKSj0QmwPdsAxrI5x1otDlByQ7bvNvVt8G/XPO2CSwE++rmSVf3VEhaeOR4J8ZFaF0Z0NDSmLejPweZ3ng==

"@firebase/app-check@0.11.2":
  version "0.11.2"
  resolved "https://registry.npmjs.org/@firebase/app-check/-/app-check-0.11.2.tgz"
  integrity sha512-jcXQVMHAQ5AEKzVD5C7s5fmAYeFOuN6lAJeNTgZK2B9aLnofWaJt8u1A8Idm8gpsBBYSaY3cVyeH5SWMOVPBLQ==
  dependencies:
    "@firebase/component" "0.7.2"
    "@firebase/logger" "0.5.0"
    "@firebase/util" "1.15.0"
    tslib "^2.1.0"

"@firebase/app-compat@0.5.10":
  version "0.5.10"
  resolved "https://registry.npmjs.org/@firebase/app-compat/-/app-compat-0.5.10.tgz"
  integrity sha512-tFmBuZL0/v1h6eyKRgWI58ucft6dEJmAi9nhPUXoAW4ZbPSTlnsh31AuEwUoRTz+wwRk9gmgss9GZV05ZM9Kug==
  dependencies:
    "@firebase/app" "0.14.10"
    "@firebase/component" "0.7.2"
    "@firebase/logger" "0.5.0"
    "@firebase/util" "1.15.0"
    tslib "^2.1.0"

"@firebase/app-types@0.9.3":
  version "0.9.3"
  resolved "https://registry.npmjs.org/@firebase/app-types/-/app-types-0.9.3.tgz"
  integrity sha512-kRVpIl4vVGJ4baogMDINbyrIOtOxqhkZQg4jTq3l8Lw6WSk0xfpEYzezFu+Kl4ve4fbPl79dvwRtaFqAC/ucCw==

"@firebase/app@0.14.10":
  version "0.14.10"
  resolved "https://registry.npmjs.org/@firebase/app/-/app-0.14.10.tgz"
  integrity sha512-PlPhdtjgWUra+LImQTnXOUqUa/jcufZhizdR93ZjlQSS3ahCtDTG6pJw7j0OwFal18DQjICXfeVNsUUrcNisfA==
  dependencies:
    "@firebase/component" "0.7.2"
    "@firebase/logger" "0.5.0"
    "@firebase/util" "1.15.0"
    idb "7.1.1"
    tslib "^2.1.0"

"@firebase/auth-compat@0.6.4":
  version "0.6.4"
  resolved "https://registry.npmjs.org/@firebase/auth-compat/-/auth-compat-0.6.4.tgz"
  integrity sha512-2pj8m/hnqXvMLfC0Mk+fORVTM5DQPkS6l8JpMgtoAWGVgCmYnoWdFMaNWtKbmCxBEyvMA3FlnCJyzrUSMWTfuA==
  dependencies:
    "@firebase/auth" "1.12.2"
    "@firebase/auth-types" "0.13.0"
    "@firebase/component" "0.7.2"
    "@firebase/util" "1.15.0"
    tslib "^2.1.0"

"@firebase/auth-interop-types@0.2.4":
  version "0.2.4"
  resolved "https://registry.npmjs.org/@firebase/auth-interop-types/-/auth-interop-types-0.2.4.tgz"
  integrity sha512-JPgcXKCuO+CWqGDnigBtvo09HeBs5u/Ktc2GaFj2m01hLarbxthLNm7Fk8iOP1aqAtXV+fnnGj7U28xmk7IwVA==

"@firebase/auth-types@0.13.0":
  version "0.13.0"
  resolved "https://registry.npmjs.org/@firebase/auth-types/-/auth-types-0.13.0.tgz"
  integrity sha512-S/PuIjni0AQRLF+l9ck0YpsMOdE8GO2KU6ubmBB7P+7TJUCQDa3R1dlgYm9UzGbbePMZsp0xzB93f2b/CgxMOg==

"@firebase/auth@1.12.2":
  version "1.12.2"
  resolved "https://registry.npmjs.org/@firebase/auth/-/auth-1.12.2.tgz"
  integrity sha512-CZJL8V10Vzibs+pDTXdQF+hot1IigIoqF4a4lA/qr5Deo1srcefiyIfgg28B67Lk7IxZhwfJMuI+1bu2xBmV0A==
  dependencies:
    "@firebase/component" "0.7.2"
    "@firebase/logger" "0.5.0"
    "@firebase/util" "1.15.0"
    tslib "^2.1.0"

"@firebase/component@0.7.2":
  version "0.7.2"
  resolved "https://registry.npmjs.org/@firebase/component/-/component-0.7.2.tgz"
  integrity sha512-iyVDGc6Vjx7Rm0cAdccLH/NG6fADsgJak/XW9IA2lPf8AjIlsemOpFGKczYyPHxm4rnKdR8z6sK4+KEC7NwmEg==
  dependencies:
    "@firebase/util" "1.15.0"
    tslib "^2.1.0"

"@firebase/data-connect@0.5.0":
  version "0.5.0"
  resolved "https://registry.npmjs.org/@firebase/data-connect/-/data-connect-0.5.0.tgz"
  integrity sha512-G3GYHpWNJJ95502RQLApzw0jaG3pScHl+J/2MdxIuB51xtHnkRL6KvIAP3fFF1drUewWJHOnDA1U+q4Evf3KSw==
  dependencies:
    "@firebase/auth-interop-types" "0.2.4"
    "@firebase/component" "0.7.2"
    "@firebase/logger" "0.5.0"
    "@firebase/util" "1.15.0"
    tslib "^2.1.0"

"@firebase/database-compat@2.1.2":
  version "2.1.2"
  resolved "https://registry.npmjs.org/@firebase/database-compat/-/database-compat-2.1.2.tgz"
  integrity sha512-j4A6IhVZbgxAzT6gJJC2PfOxYCK9SrDrUO7nTM4EscTYtKkAkzsbKoCnDdjFapQfnsncvPWjqVTr/0PffUwg3g==
  dependencies:
    "@firebase/component" "0.7.2"
    "@firebase/database" "1.1.2"
    "@firebase/database-types" "1.0.18"
    "@firebase/logger" "0.5.0"
    "@firebase/util" "1.15.0"
    tslib "^2.1.0"

"@firebase/database-types@1.0.18":
  version "1.0.18"
  resolved "https://registry.npmjs.org/@firebase/database-types/-/database-types-1.0.18.tgz"
  integrity sha512-yOY8IC2go9lfbVDMiy2ATun4EB2AFwocPaQADwMN/RHRUAZSM4rlAV7PGbWPSG/YhkJ2A9xQAiAENgSua9G5Fg==
  dependencies:
    "@firebase/app-types" "0.9.3"
    "@firebase/util" "1.15.0"

"@firebase/database@1.1.2":
  version "1.1.2"
  resolved "https://registry.npmjs.org/@firebase/database/-/database-1.1.2.tgz"
  integrity sha512-lP96CMjMPy/+d1d9qaaHjHHdzdwvEOuyyLq9ehX89e2XMKwS1jHNzYBO+42bdSumuj5ukPbmnFtViZu8YOMT+w==
  dependencies:
    "@firebase/app-check-interop-types" "0.3.3"
    "@firebase/auth-interop-types" "0.2.4"
    "@firebase/component" "0.7.2"
    "@firebase/logger" "0.5.0"
    "@firebase/util" "1.15.0"
    faye-websocket "0.11.4"
    tslib "^2.1.0"

"@firebase/firestore-compat@0.4.7":
  version "0.4.7"
  resolved "https://registry.npmjs.org/@firebase/firestore-compat/-/firestore-compat-0.4.7.tgz"
  integrity sha512-Et4XxtGnjp0Q9tmaEMETnY5GHJ8gQ9+RN6sSTT4ETWKmym2d6gIjarw0rCQcx+7BrWVYLEIOAXSXysl0b3xnUA==
  dependencies:
    "@firebase/component" "0.7.2"
    "@firebase/firestore" "4.13.0"
    "@firebase/firestore-types" "3.0.3"
    "@firebase/util" "1.15.0"
    tslib "^2.1.0"

"@firebase/firestore-types@3.0.3":
  version "3.0.3"
  resolved "https://registry.npmjs.org/@firebase/firestore-types/-/firestore-types-3.0.3.tgz"
  integrity sha512-hD2jGdiWRxB/eZWF89xcK9gF8wvENDJkzpVFb4aGkzfEaKxVRD1kjz1t1Wj8VZEp2LCB53Yx1zD8mrhQu87R6Q==

"@firebase/firestore@4.13.0":
  version "4.13.0"
  resolved "https://registry.npmjs.org/@firebase/firestore/-/firestore-4.13.0.tgz"
  integrity sha512-7i4cVNJXTMim7/P7UsNim0DwyLPk4QQ3y1oSNzv4l0ykJOKYCiFMOuEeUxUYvrReXDJxWHrT/4XMeVQm+13rRw==
  dependencies:
    "@firebase/component" "0.7.2"
    "@firebase/logger" "0.5.0"
    "@firebase/util" "1.15.0"
    "@firebase/webchannel-wrapper" "1.0.5"
    "@grpc/grpc-js" "~1.9.0"
    "@grpc/proto-loader" "^0.7.8"
    tslib "^2.1.0"

"@firebase/functions-compat@0.4.3":
  version "0.4.3"
  resolved "https://registry.npmjs.org/@firebase/functions-compat/-/functions-compat-0.4.3.tgz"
  integrity sha512-BxkEwWgx1of0tKaao/r2VR6WBLk/RAiyztatiONPrPE8gkitFkOnOCxf8i9cUyA5hX5RGt5H30uNn25Q6QNEmQ==
  dependencies:
    "@firebase/component" "0.7.2"
    "@firebase/functions" "0.13.3"
    "@firebase/functions-types" "0.6.3"
    "@firebase/util" "1.15.0"
    tslib "^2.1.0"

"@firebase/functions-types@0.6.3":
  version "0.6.3"
  resolved "https://registry.npmjs.org/@firebase/functions-types/-/functions-types-0.6.3.tgz"
  integrity sha512-EZoDKQLUHFKNx6VLipQwrSMh01A1SaL3Wg6Hpi//x6/fJ6Ee4hrAeswK99I5Ht8roiniKHw4iO0B1Oxj5I4plg==

"@firebase/functions@0.13.3":
  version "0.13.3"
  resolved "https://registry.npmjs.org/@firebase/functions/-/functions-0.13.3.tgz"
  integrity sha512-csO7ckK3SSs+NUZW1nms9EK7ckHe/1QOjiP8uAkCYa7ND18s44vjE9g3KxEeIUpyEPqZaX1EhJuFyZjHigAcYw==
  dependencies:
    "@firebase/app-check-interop-types" "0.3.3"
    "@firebase/auth-interop-types" "0.2.4"
    "@firebase/component" "0.7.2"
    "@firebase/messaging-interop-types" "0.2.3"
    "@firebase/util" "1.15.0"
    tslib "^2.1.0"

"@firebase/installations-compat@0.2.21":
  version "0.2.21"
  resolved "https://registry.npmjs.org/@firebase/installations-compat/-/installations-compat-0.2.21.tgz"
  integrity sha512-zahIUkaVKbR8zmTeBHkdfaVl6JGWlhVoSjF7CVH33nFqD3SlPEpEEegn2GNT5iAfsVdtlCyJJ9GW4YKjq+RJKQ==
  dependencies:
    "@firebase/component" "0.7.2"
    "@firebase/installations" "0.6.21"
    "@firebase/installations-types" "0.5.3"
    "@firebase/util" "1.15.0"
    tslib "^2.1.0"

"@firebase/installations-types@0.5.3":
  version "0.5.3"
  resolved "https://registry.npmjs.org/@firebase/installations-types/-/installations-types-0.5.3.tgz"
  integrity sha512-2FJI7gkLqIE0iYsNQ1P751lO3hER+Umykel+TkLwHj6plzWVxqvfclPUZhcKFVQObqloEBTmpi2Ozn7EkCABAA==

"@firebase/installations@0.6.21":
  version "0.6.21"
  resolved "https://registry.npmjs.org/@firebase/installations/-/installations-0.6.21.tgz"
  integrity sha512-xGFGTeICJZ5vhrmmDukeczIcFULFXybojML2+QSDFoKj5A7zbGN7KzFGSKNhDkIxpjzsYG9IleJyUebuAcmqWA==
  dependencies:
    "@firebase/component" "0.7.2"
    "@firebase/util" "1.15.0"
    idb "7.1.1"
    tslib "^2.1.0"

"@firebase/logger@0.5.0":
  version "0.5.0"
  resolved "https://registry.npmjs.org/@firebase/logger/-/logger-0.5.0.tgz"
  integrity sha512-cGskaAvkrnh42b3BA3doDWeBmuHFO/Mx5A83rbRDYakPjO9bJtRL3dX7javzc2Rr/JHZf4HlterTW2lUkfeN4g==
  dependencies:
    tslib "^2.1.0"

"@firebase/messaging-compat@0.2.25":
  version "0.2.25"
  resolved "https://registry.npmjs.org/@firebase/messaging-compat/-/messaging-compat-0.2.25.tgz"
  integrity sha512-eoOQqGLtRlseTdiemTN44LlHZpltK5gnhq8XVUuLgtIOG+odtDzrz2UoTpcJWSzaJQVxNLb/x9f39tHdDM4N4w==
  dependencies:
    "@firebase/component" "0.7.2"
    "@firebase/messaging" "0.12.25"
    "@firebase/util" "1.15.0"
    tslib "^2.1.0"

"@firebase/messaging-interop-types@0.2.3":
  version "0.2.3"
  resolved "https://registry.npmjs.org/@firebase/messaging-interop-types/-/messaging-interop-types-0.2.3.tgz"
  integrity sha512-xfzFaJpzcmtDjycpDeCUj0Ge10ATFi/VHVIvEEjDNc3hodVBQADZ7BWQU7CuFpjSHE+eLuBI13z5F/9xOoGX8Q==

"@firebase/messaging@0.12.25":
  version "0.12.25"
  resolved "https://registry.npmjs.org/@firebase/messaging/-/messaging-0.12.25.tgz"
  integrity sha512-7RhDwoDHlOK1/ou0/LeubxmjcngsTjDdrY/ssg2vwAVpUuVAhQzQvuCAOYxcX5wNC1zCgQ54AP1vdngBwbCmOQ==
  dependencies:
    "@firebase/component" "0.7.2"
    "@firebase/installations" "0.6.21"
    "@firebase/messaging-interop-types" "0.2.3"
    "@firebase/util" "1.15.0"
    idb "7.1.1"
    tslib "^2.1.0"

"@firebase/performance-compat@0.2.24":
  version "0.2.24"
  resolved "https://registry.npmjs.org/@firebase/performance-compat/-/performance-compat-0.2.24.tgz"
  integrity sha512-YRlejH8wLt7ThWao+HXoKUHUrZKGYq+otxkPS+8nuE5PeN1cBXX7NAJl9ueuUkBwMIrnKdnDqL/voHXxDAAt3g==
  dependencies:
    "@firebase/component" "0.7.2"
    "@firebase/logger" "0.5.0"
    "@firebase/performance" "0.7.11"
    "@firebase/performance-types" "0.2.3"
    "@firebase/util" "1.15.0"
    tslib "^2.1.0"

"@firebase/performance-types@0.2.3":
  version "0.2.3"
  resolved "https://registry.npmjs.org/@firebase/performance-types/-/performance-types-0.2.3.tgz"
  integrity sha512-IgkyTz6QZVPAq8GSkLYJvwSLr3LS9+V6vNPQr0x4YozZJiLF5jYixj0amDtATf1X0EtYHqoPO48a9ija8GocxQ==

"@firebase/performance@0.7.11":
  version "0.7.11"
  resolved "https://registry.npmjs.org/@firebase/performance/-/performance-0.7.11.tgz"
  integrity sha512-V3uAhrz7IYJuji+OgT3qYTGKxpek/TViXti9OSsUJ4AexZ3jQjYH5Yrn7JvBxk8MGiSLsC872hh+BxQiPZsm7g==
  dependencies:
    "@firebase/component" "0.7.2"
    "@firebase/installations" "0.6.21"
    "@firebase/logger" "0.5.0"
    "@firebase/util" "1.15.0"
    tslib "^2.1.0"
    web-vitals "^4.2.4"

"@firebase/remote-config-compat@0.2.23":
  version "0.2.23"
  resolved "https://registry.npmjs.org/@firebase/remote-config-compat/-/remote-config-compat-0.2.23.tgz"
  integrity sha512-4+KqRRHEUUmKT6tFmnpWATOsaFfmSuBs1jXH8JzVtMLEYqq/WS9IDM92OdefFDSrAA2xGd0WN004z8mKeIIscw==
  dependencies:
    "@firebase/component" "0.7.2"
    "@firebase/logger" "0.5.0"
    "@firebase/remote-config" "0.8.2"
    "@firebase/remote-config-types" "0.5.0"
    "@firebase/util" "1.15.0"
    tslib "^2.1.0"

"@firebase/remote-config-types@0.5.0":
  version "0.5.0"
  resolved "https://registry.npmjs.org/@firebase/remote-config-types/-/remote-config-types-0.5.0.tgz"
  integrity sha512-vI3bqLoF14L/GchtgayMiFpZJF+Ao3uR8WCde0XpYNkSokDpAKca2DxvcfeZv7lZUqkUwQPL2wD83d3vQ4vvrg==

"@firebase/remote-config@0.8.2":
  version "0.8.2"
  resolved "https://registry.npmjs.org/@firebase/remote-config/-/remote-config-0.8.2.tgz"
  integrity sha512-5EXqOThV4upjK9D38d/qOSVwOqRhemlaOFk9vCkMNNALeIlwr+4pLjtLNo4qoY8etQmU/1q4aIATE9N8PFqg0g==
  dependencies:
    "@firebase/component" "0.7.2"
    "@firebase/installations" "0.6.21"
    "@firebase/logger" "0.5.0"
    "@firebase/util" "1.15.0"
    tslib "^2.1.0"

"@firebase/storage-compat@0.4.2":
  version "0.4.2"
  resolved "https://registry.npmjs.org/@firebase/storage-compat/-/storage-compat-0.4.2.tgz"
  integrity sha512-R+aB38wxCH5zjIO/xu9KznI7fgiPuZAG98uVm1NcidHyyupGgIDLKigGmRGBZMnxibe/m2oxNKoZpfEbUX2aQQ==
  dependencies:
    "@firebase/component" "0.7.2"
    "@firebase/storage" "0.14.2"
    "@firebase/storage-types" "0.8.3"
    "@firebase/util" "1.15.0"
    tslib "^2.1.0"

"@firebase/storage-types@0.8.3":
  version "0.8.3"
  resolved "https://registry.npmjs.org/@firebase/storage-types/-/storage-types-0.8.3.tgz"
  integrity sha512-+Muk7g9uwngTpd8xn9OdF/D48uiQ7I1Fae7ULsWPuKoCH3HU7bfFPhxtJYzyhjdniowhuDpQcfPmuNRAqZEfvg==

"@firebase/storage@0.14.2":
  version "0.14.2"
  resolved "https://registry.npmjs.org/@firebase/storage/-/storage-0.14.2.tgz"
  integrity sha512-o/culaTeJ8GRpKXRJov21rux/n9dRaSOWLebyatFP2sqEdCxQPjVA1H9Z2fzYwQxMIU0JVmC7SPPmU11v7L6vQ==
  dependencies:
    "@firebase/component" "0.7.2"
    "@firebase/util" "1.15.0"
    tslib "^2.1.0"

"@firebase/util@1.15.0":
  version "1.15.0"
  resolved "https://registry.npmjs.org/@firebase/util/-/util-1.15.0.tgz"
  integrity sha512-AmWf3cHAOMbrCPG4xdPKQaj5iHnyYfyLKZxwz+Xf55bqKbpAmcYifB4jQinT2W9XhDRHISOoPyBOariJpCG6FA==
  dependencies:
    tslib "^2.1.0"

"@firebase/webchannel-wrapper@1.0.5":
  version "1.0.5"
  resolved "https://registry.npmjs.org/@firebase/webchannel-wrapper/-/webchannel-wrapper-1.0.5.tgz"
  integrity sha512-+uGNN7rkfn41HLO0vekTFhTxk61eKa8mTpRGLO0QSqlQdKvIoGAvLp3ppdVIWbTGYJWM6Kp0iN+PjMIOcnVqTw==

"@grpc/grpc-js@~1.9.0":
  version "1.9.15"
  resolved "https://registry.npmjs.org/@grpc/grpc-js/-/grpc-js-1.9.15.tgz"
  integrity sha512-nqE7Hc0AzI+euzUwDAy0aY5hCp10r734gMGRdU+qOPX0XSceI2ULrcXB5U2xSc5VkWwalCj4M7GzCAygZl2KoQ==
  dependencies:
    "@grpc/proto-loader" "^0.7.8"
    "@types/node" ">=12.12.47"

"@grpc/proto-loader@^0.7.8":
  version "0.7.13"
  resolved "https://registry.npmjs.org/@grpc/proto-loader/-/proto-loader-0.7.13.tgz"
  integrity sha512-AiXO/bfe9bmxBjxxtYxFAXGZvMaN5s8kO+jBHAJCON8rJoB5YS/D6X7ZNc6XQkuHNmyl4CYaMI1fJ/Gn27RGGw==
  dependencies:
    lodash.camelcase "^4.3.0"
    long "^5.0.0"
    protobufjs "^7.2.5"
    yargs "^17.7.2"

"@jridgewell/resolve-uri@^3.0.3":
  version "3.1.2"
  resolved "https://registry.npmjs.org/@jridgewell/resolve-uri/-/resolve-uri-3.1.2.tgz"
  integrity sha512-bRISgCIjP20/tbWSPWMEi54QVPRZExkuD9lJL+UIxUKtwVJA8wW1Trb1jMs1RFXo1CBTNZ/5hpC9QvmKWdopKw==

"@jridgewell/sourcemap-codec@^1.4.10":
  version "1.5.0"
  resolved "https://registry.npmjs.org/@jridgewell/sourcemap-codec/-/sourcemap-codec-1.5.0.tgz"
  integrity sha512-gv3ZRaISU3fjPAgNsriBRqGWQL6quFx04YMPW/zD8XMLsU32mhCCbfbO6KZFLjvYpCZ8zyDEgqsgf+PwPaM7GQ==

"@jridgewell/trace-mapping@0.3.9":
  version "0.3.9"
  resolved "https://registry.npmjs.org/@jridgewell/trace-mapping/-/trace-mapping-0.3.9.tgz"
  integrity sha512-3Belt6tdc8bPgAtbcmdtNJlirVoTmEb5e2gC94PnkwEW9jI6CAHUeoG85tjWP5WquqfavoMtMwiG4P926ZKKuQ==
  dependencies:
    "@jridgewell/resolve-uri" "^3.0.3"
    "@jridgewell/sourcemap-codec" "^1.4.10"

"@protobufjs/aspromise@^1.1.1", "@protobufjs/aspromise@^1.1.2":
  version "1.1.2"
  resolved "https://registry.npmjs.org/@protobufjs/aspromise/-/aspromise-1.1.2.tgz"
  integrity sha512-j+gKExEuLmKwvz3OgROXtrJ2UG2x8Ch2YZUxahh+s1F2HZ+wAceUNLkvy6zKCPVRkU++ZWQrdxsUeQXmcg4uoQ==

"@protobufjs/base64@^1.1.2":
  version "1.1.2"
  resolved "https://registry.npmjs.org/@protobufjs/base64/-/base64-1.1.2.tgz"
  integrity sha512-AZkcAA5vnN/v4PDqKyMR5lx7hZttPDgClv83E//FMNhR2TMcLUhfRUBHCmSl0oi9zMgDDqRUJkSxO3wm85+XLg==

"@protobufjs/codegen@^2.0.4":
  version "2.0.4"
  resolved "https://registry.npmjs.org/@protobufjs/codegen/-/codegen-2.0.4.tgz"
  integrity sha512-YyFaikqM5sH0ziFZCN3xDC7zeGaB/d0IUb9CATugHWbd1FRFwWwt4ld4OYMPWu5a3Xe01mGAULCdqhMlPl29Jg==

"@protobufjs/eventemitter@^1.1.0":
  version "1.1.0"
  resolved "https://registry.npmjs.org/@protobufjs/eventemitter/-/eventemitter-1.1.0.tgz"
  integrity sha512-j9ednRT81vYJ9OfVuXG6ERSTdEL1xVsNgqpkxMsbIabzSo3goCjDIveeGv5d03om39ML71RdmrGNjG5SReBP/Q==

"@protobufjs/fetch@^1.1.0":
  version "1.1.0"
  resolved "https://registry.npmjs.org/@protobufjs/fetch/-/fetch-1.1.0.tgz"
  integrity sha512-lljVXpqXebpsijW71PZaCYeIcE5on1w5DlQy5WH6GLbFryLUrBD4932W/E2BSpfRJWseIL4v/KPgBFxDOIdKpQ==
  dependencies:
    "@protobufjs/aspromise" "^1.1.1"
    "@protobufjs/inquire" "^1.1.0"

"@protobufjs/float@^1.0.2":
  version "1.0.2"
  resolved "https://registry.npmjs.org/@protobufjs/float/-/float-1.0.2.tgz"
  integrity sha512-Ddb+kVXlXst9d+R9PfTIxh1EdNkgoRe5tOX6t01f1lYWOvJnSPDBlG241QLzcyPdoNTsblLUdujGSE4RzrTZGQ==

"@protobufjs/inquire@^1.1.0":
  version "1.1.0"
  resolved "https://registry.npmjs.org/@protobufjs/inquire/-/inquire-1.1.0.tgz"
  integrity sha512-kdSefcPdruJiFMVSbn801t4vFK7KB/5gd2fYvrxhuJYg8ILrmn9SKSX2tZdV6V+ksulWqS7aXjBcRXl3wHoD9Q==

"@protobufjs/path@^1.1.2":
  version "1.1.2"
  resolved "https://registry.npmjs.org/@protobufjs/path/-/path-1.1.2.tgz"
  integrity sha512-6JOcJ5Tm08dOHAbdR3GrvP+yUUfkjG5ePsHYczMFLq3ZmMkAD98cDgcT2iA1lJ9NVwFd4tH/iSSoe44YWkltEA==

"@protobufjs/pool@^1.1.0":
  version "1.1.0"
  resolved "https://registry.npmjs.org/@protobufjs/pool/-/pool-1.1.0.tgz"
  integrity sha512-0kELaGSIDBKvcgS4zkjz1PeddatrjYcmMWOlAuAPwAeccUrPHdUqo/J6LiymHHEiJT5NrF1UVwxY14f+fy4WQw==

"@protobufjs/utf8@^1.1.0":
  version "1.1.0"
  resolved "https://registry.npmjs.org/@protobufjs/utf8/-/utf8-1.1.0.tgz"
  integrity sha512-Vvn3zZrhQZkkBE8LSuW3em98c0FwgO4nxzv6OdSxPKJIEKY2bGbHn+mhGIPerzI4twdxaP8/0+06HBpwf345Lw==

"@tsconfig/node10@^1.0.7":
  version "1.0.11"
  resolved "https://registry.npmjs.org/@tsconfig/node10/-/node10-1.0.11.tgz"
  integrity sha512-DcRjDCujK/kCk/cUe8Xz8ZSpm8mS3mNNpta+jGCA6USEDfktlNvm1+IuZ9eTcDbNk41BHwpHHeW+N1lKCz4zOw==

"@tsconfig/node12@^1.0.7":
  version "1.0.11"
  resolved "https://registry.npmjs.org/@tsconfig/node12/-/node12-1.0.11.tgz"
  integrity sha512-cqefuRsh12pWyGsIoBKJA9luFu3mRxCA+ORZvA4ktLSzIuCUtWVxGIuXigEwO5/ywWFMZ2QEGKWvkZG1zDMTag==

"@tsconfig/node14@^1.0.0":
  version "1.0.3"
  resolved "https://registry.npmjs.org/@tsconfig/node14/-/node14-1.0.3.tgz"
  integrity sha512-ysT8mhdixWK6Hw3i1V2AeRqZ5WfXg1G43mqoYlM2nc6388Fq5jcXyr5mRsqViLx/GJYdoL0bfXD8nmF+Zn/Iow==

"@tsconfig/node16@^1.0.2":
  version "1.0.4"
  resolved "https://registry.npmjs.org/@tsconfig/node16/-/node16-1.0.4.tgz"
  integrity sha512-vxhUy4J8lyeyinH7Azl1pdd43GJhZH/tP2weN8TntQblOY+A0XbT8DJk1/oCPuOOyg/Ja757rG0CgHcWC8OfMA==

"@types/node@18.19.83", "@types/node@>=12.12.47", "@types/node@>=13.7.0":
  version "18.19.83"
  resolved "https://registry.npmjs.org/@types/node/-/node-18.19.83.tgz"
  integrity sha512-D69JeR5SfFS5H6FLbUaS0vE4r1dGhmMBbG4Ed6BNS4wkDK8GZjsdCShT5LCN59vOHEUHnFCY9J4aclXlIphMkA==
  dependencies:
    undici-types "~5.26.4"

acorn-walk@^8.1.1:
  version "8.3.4"
  resolved "https://registry.npmjs.org/acorn-walk/-/acorn-walk-8.3.4.tgz"
  integrity sha512-ueEepnujpqee2o5aIYnvHU6C0A42MNdsIDeqy5BydrkuC5R1ZuUFnm27EeFJGoEHJQgn3uleRvmTXaJgfXbt4g==
  dependencies:
    acorn "^8.11.0"

acorn@^8.11.0, acorn@^8.4.1:
  version "8.14.1"
  resolved "https://registry.npmjs.org/acorn/-/acorn-8.14.1.tgz"
  integrity sha512-OvQ/2pUDKmgfCg++xsTX1wGxfTaszcHVcTctW4UJB4hibJx2HXxxO5UmVgyjMa+ZDsiaf5wWLXYpRWMmBI0QHg==

ansi-regex@^5.0.1:
  version "5.0.1"
  resolved "https://registry.npmjs.org/ansi-regex/-/ansi-regex-5.0.1.tgz"
  integrity sha512-quJQXlTSUGL2LH9SUXo8VwsY4soanhgo6LNSm84E1LBcE8s3O0wpdiRzyR9z/ZZJMlMWv37qOOb9pdJlMUEKFQ==

ansi-styles@^4.0.0:
  version "4.3.0"
  resolved "https://registry.npmjs.org/ansi-styles/-/ansi-styles-4.3.0.tgz"
  integrity sha512-zbB9rCJAT1rbjiVDb2hqKFHNYLxgtk8NURxZ3IZwD3F6NtxbXZQCnnSi1Lkx+IDohdPlFp222wVALIheZJQSEg==
  dependencies:
    color-convert "^2.0.1"

arg@^4.1.0:
  version "4.1.3"
  resolved "https://registry.npmjs.org/arg/-/arg-4.1.3.tgz"
  integrity sha512-58S9QDqG0Xx27YwPSt9fJxivjYl432YCwfDMfZ+71RAqUrZef7LrKQZ3LHLOwCS4FLNBplP533Zx895SeOCHvA==

cliui@^8.0.1:
  version "8.0.1"
  resolved "https://registry.npmjs.org/cliui/-/cliui-8.0.1.tgz"
  integrity sha512-BSeNnyus75C4//NQ9gQt1/csTXyo/8Sb+afLAkzAptFuMsod9HFokGNudZpi/oQV73hnVK+sR+5PVRMd+Dr7YQ==
  dependencies:
    string-width "^4.2.0"
    strip-ansi "^6.0.1"
    wrap-ansi "^7.0.0"

color-convert@^2.0.1:
  version "2.0.1"
  resolved "https://registry.npmjs.org/color-convert/-/color-convert-2.0.1.tgz"
  integrity sha512-RRECPsj7iu/xb5oKYcsFHSppFNnsj/52OVTRKb4zP5onXwVF3zVmmToNcOfGC+CRDpfK/U584fMg38ZHCaElKQ==
  dependencies:
    color-name "~1.1.4"

color-name@~1.1.4:
  version "1.1.4"
  resolved "https://registry.npmjs.org/color-name/-/color-name-1.1.4.tgz"
  integrity sha512-dOy+3AuW3a2wNbZHIuMZpTcgjGuLU/uBL/ubcZF9OXbDo8ff4O8yVp5Bf0efS8uEoYo5q4Fx7dY9OgQGXgAsQA==

create-require@^1.1.0:
  version "1.1.1"
  resolved "https://registry.npmjs.org/create-require/-/create-require-1.1.1.tgz"
  integrity sha512-dcKFX3jn0MpIaXjisoRvexIJVEKzaq7z2rZKxf+MSr9TkdmHmsU4m2lcLojrj/FHl8mk5VxMmYA+ftRkP/3oKQ==

diff@^4.0.1:
  version "4.0.2"
  resolved "https://registry.npmjs.org/diff/-/diff-4.0.2.tgz"
  integrity sha512-58lmxKSA4BNyLz+HHMUzlOEpg09FV+ev6ZMe3vJihgdxzgcwZ8VoEEPmALCZG9LmqfVoNMMKpttIYTVG6uDY7A==

emoji-regex@^8.0.0:
  version "8.0.0"
  resolved "https://registry.npmjs.org/emoji-regex/-/emoji-regex-8.0.0.tgz"
  integrity sha512-MSjYzcWNOA0ewAHpz0MxpYFvwg6yjy1NG3xteoqz644VCo/RPgnr1/GGt+ic3iJTzQ8Eu3TdM14SawnVUmGE6A==

escalade@^3.1.1:
  version "3.2.0"
  resolved "https://registry.npmjs.org/escalade/-/escalade-3.2.0.tgz"
  integrity sha512-WUj2qlxaQtO4g6Pq5c29GTcWGDyd8itL8zTlipgECz3JesAiiOKotd8JU6otB3PACgG6xkJUyVhboMS+bje/jA==

faye-websocket@0.11.4:
  version "0.11.4"
  resolved "https://registry.npmjs.org/faye-websocket/-/faye-websocket-0.11.4.tgz"
  integrity sha512-CzbClwlXAuiRQAlUyfqPgvPoNKTckTPGfwZV4ZdAhVcP2lh9KUxJg2b5GkE7XbjKQ3YJnQ9z6D9ntLAlB+tP8g==
  dependencies:
    websocket-driver ">=0.5.1"

firebase@latest:
  version "12.11.0"
  resolved "https://registry.npmjs.org/firebase/-/firebase-12.11.0.tgz"
  integrity sha512-W9f3Y+cgQYgF9gvCGxt0upec8zwAtiQVcHuU8MfzUIgVU/9fRQWtu48Geiv1lsigtBz9QHML++Km9xAKO5GB5Q==
  dependencies:
    "@firebase/ai" "2.10.0"
    "@firebase/analytics" "0.10.21"
    "@firebase/analytics-compat" "0.2.27"
    "@firebase/app" "0.14.10"
    "@firebase/app-check" "0.11.2"
    "@firebase/app-check-compat" "0.4.2"
    "@firebase/app-compat" "0.5.10"
    "@firebase/app-types" "0.9.3"
    "@firebase/auth" "1.12.2"
    "@firebase/auth-compat" "0.6.4"
    "@firebase/data-connect" "0.5.0"
    "@firebase/database" "1.1.2"
    "@firebase/database-compat" "2.1.2"
    "@firebase/firestore" "4.13.0"
    "@firebase/firestore-compat" "0.4.7"
    "@firebase/functions" "0.13.3"
    "@firebase/functions-compat" "0.4.3"
    "@firebase/installations" "0.6.21"
    "@firebase/installations-compat" "0.2.21"
    "@firebase/messaging" "0.12.25"
    "@firebase/messaging-compat" "0.2.25"
    "@firebase/performance" "0.7.11"
    "@firebase/performance-compat" "0.2.24"
    "@firebase/remote-config" "0.8.2"
    "@firebase/remote-config-compat" "0.2.23"
    "@firebase/storage" "0.14.2"
    "@firebase/storage-compat" "0.4.2"
    "@firebase/util" "1.15.0"

get-caller-file@^2.0.5:
  version "2.0.5"
  resolved "https://registry.npmjs.org/get-caller-file/-/get-caller-file-2.0.5.tgz"
  integrity sha512-DyFP3BM/3YHTQOCUL/w0OZHR0lpKeGrxotcHWcqNEdnltqFwXVfhEBQ94eIo34AfQpo0rGki4cyIiftY06h2Fg==

http-parser-js@>=0.5.1:
  version "0.5.9"
  resolved "https://registry.npmjs.org/http-parser-js/-/http-parser-js-0.5.9.tgz"
  integrity sha512-n1XsPy3rXVxlqxVioEWdC+0+M+SQw0DpJynwtOPo1X+ZlvdzTLtDBIJJlDQTnwZIFJrZSzSGmIOUdP8tu+SgLw==

idb@7.1.1:
  version "7.1.1"
  resolved "https://registry.npmjs.org/idb/-/idb-7.1.1.tgz"
  integrity sha512-gchesWBzyvGHRO9W8tzUWFDycow5gwjvFKfyV9FF32Y7F50yZMp7mP+T2mJIWFx49zicqyC4uefHM17o6xKIVQ==

is-fullwidth-code-point@^3.0.0:
  version "3.0.0"
  resolved "https://registry.npmjs.org/is-fullwidth-code-point/-/is-fullwidth-code-point-3.0.0.tgz"
  integrity sha512-zymm5+u+sCsSWyD9qNaejV3DFvhCKclKdizYaJUuHA83RLjb7nSuGnddCHGv0hk+KY7BMAlsWeK4Ueg6EV6XQg==

lodash.camelcase@^4.3.0:
  version "4.3.0"
  resolved "https://registry.npmjs.org/lodash.camelcase/-/lodash.camelcase-4.3.0.tgz"
  integrity sha512-TwuEnCnxbc3rAvhf/LbG7tJUDzhqXyFnv3dtzLOPgCG/hODL7WFnsbwktkD7yUV0RrreP/l1PALq/YSg6VvjlA==

long@^5.0.0:
  version "5.3.1"
  resolved "https://registry.npmjs.org/long/-/long-5.3.1.tgz"
  integrity sha512-ka87Jz3gcx/I7Hal94xaN2tZEOPoUOEVftkQqZx2EeQRN7LGdfLlI3FvZ+7WDplm+vK2Urx9ULrvSowtdCieng==

make-error@^1.1.1:
  version "1.3.6"
  resolved "https://registry.npmjs.org/make-error/-/make-error-1.3.6.tgz"
  integrity sha512-s8UhlNe7vPKomQhC1qFelMokr/Sc3AgNbso3n74mVPA5LTZwkB9NlXf4XPamLxJE8h0gh73rM94xvwRT2CVInw==

protobufjs@^7.2.5:
  version "7.4.0"
  resolved "https://registry.npmjs.org/protobufjs/-/protobufjs-7.4.0.tgz"
  integrity sha512-mRUWCc3KUU4w1jU8sGxICXH/gNS94DvI1gxqDvBzhj1JpcsimQkYiOJfwsPUykUI5ZaspFbSgmBLER8IrQ3tqw==
  dependencies:
    "@protobufjs/aspromise" "^1.1.2"
    "@protobufjs/base64" "^1.1.2"
    "@protobufjs/codegen" "^2.0.4"
    "@protobufjs/eventemitter" "^1.1.0"
    "@protobufjs/fetch" "^1.1.0"
    "@protobufjs/float" "^1.0.2"
    "@protobufjs/inquire" "^1.1.0"
    "@protobufjs/path" "^1.1.2"
    "@protobufjs/pool" "^1.1.0"
    "@protobufjs/utf8" "^1.1.0"
    "@types/node" ">=13.7.0"
    long "^5.0.0"

require-directory@^2.1.1:
  version "2.1.1"
  resolved "https://registry.npmjs.org/require-directory/-/require-directory-2.1.1.tgz"
  integrity sha512-fGxEI7+wsG9xrvdjsrlmL22OMTTiHRwAMroiEeMgq8gzoLC/PQr7RsRDSTLUg/bZAZtF+TVIkHc6/4RIKrui+Q==

safe-buffer@>=5.1.0:
  version "5.2.1"
  resolved "https://registry.npmjs.org/safe-buffer/-/safe-buffer-5.2.1.tgz"
  integrity sha512-rp3So07KcdmmKbGvgaNxQSJr7bGVSVk5S9Eq1F+ppbRo70+YeaDxkw5Dd8NPN+GD6bjnYm2VuPuCXmpuYvmCXQ==

string-width@^4.1.0, string-width@^4.2.0, string-width@^4.2.3:
  version "4.2.3"
  resolved "https://registry.npmjs.org/string-width/-/string-width-4.2.3.tgz"
  integrity sha512-wKyQRQpjJ0sIp62ErSZdGsjMJWsap5oRNihHhu6G7JVO/9jIB6UyevL+tXuOqrng8j/cxKTWyWUwvSTriiZz/g==
  dependencies:
    emoji-regex "^8.0.0"
    is-fullwidth-code-point "^3.0.0"
    strip-ansi "^6.0.1"

strip-ansi@^6.0.0, strip-ansi@^6.0.1:
  version "6.0.1"
  resolved "https://registry.npmjs.org/strip-ansi/-/strip-ansi-6.0.1.tgz"
  integrity sha512-Y38VPSHcqkFrCpFnQ9vuSXmquuv5oXOKpGeT6aGrr3o3Gc9AlVa6JBfUSOCnbxGGZF+/0ooI7KrPuUSztUdU5A==
  dependencies:
    ansi-regex "^5.0.1"

ts-node@10.9.2:
  version "10.9.2"
  resolved "https://registry.npmjs.org/ts-node/-/ts-node-10.9.2.tgz#70f021c9e185bccdca820e26dc413805c101c71f"
  integrity sha512-f0FFpIdcHgn8zcPSbf1dRevwt047YMnaiJM3u2w2RewrB+fob/zePZcrOyQoLMMO7aBIddLcQIEK5dYjkLnGrQ==
  dependencies:
    "@cspotcode/source-map-support" "^0.8.0"
    "@tsconfig/node10" "^1.0.7"
    "@tsconfig/node12" "^1.0.7"
    "@tsconfig/node14" "^1.0.0"
    "@tsconfig/node16" "^1.0.2"
    acorn "^8.4.1"
    acorn-walk "^8.1.1"
    arg "^4.1.0"
    create-require "^1.1.0"
    diff "^4.0.1"
    make-error "^1.1.1"
    v8-compile-cache-lib "^3.0.1"
    yn "3.1.1"

tslib@2.8.1, tslib@^2.1.0:
  version "2.8.1"
  resolved "https://registry.npmjs.org/tslib/-/tslib-2.8.1.tgz"
  integrity sha512-oJFu94HQb+KVduSUQL7wnpmqnfmLsOA/nAh6b6EH0wCEoK0/mPeXU6c3wKDV83MkOuHPRHtSXKKU99IBazS/2w==

typescript@5.5.4:
  version "5.5.4"
  resolved "https://registry.npmjs.org/typescript/-/typescript-5.5.4.tgz"
  integrity sha512-Mtq29sKDAEYP7aljRgtPOpTvOfbwRWlS6dPRzwjdE+C0R4brX/GUyhHSecbHMFLNBLcJIPt9nl9yG5TZ1weH+Q==

undici-types@~5.26.4:
  version "5.26.5"
  resolved "https://registry.npmjs.org/undici-types/-/undici-types-5.26.5.tgz"
  integrity sha512-JlCMO+ehdEIKqlFxk6IfVoAUVmgz7cU7zD/h9XZ0qzeosSHmUJVOzSQvvYSYWXkFXC+IfLKSIffhv0sVZup6pA==

v8-compile-cache-lib@^3.0.1:
  version "3.0.1"
  resolved "https://registry.npmjs.org/v8-compile-cache-lib/-/v8-compile-cache-lib-3.0.1.tgz"
  integrity sha512-wa7YjyUGfNZngI/vtK0UHAN+lgDCxBPCylVXGp0zu59Fz5aiGtNXaq3DhIov063MorB+VfufLh3JlF2KdTK3xg==

web-vitals@^4.2.4:
  version "4.2.4"
  resolved "https://registry.npmjs.org/web-vitals/-/web-vitals-4.2.4.tgz"
  integrity sha512-r4DIlprAGwJ7YM11VZp4R884m0Vmgr6EAKe3P+kO0PPj3Unqyvv59rczf6UiGcb9Z8QxZVcqKNwv/g0WNdWwsw==

websocket-driver@>=0.5.1:
  version "0.7.4"
  resolved "https://registry.npmjs.org/websocket-driver/-/websocket-driver-0.7.4.tgz"
  integrity sha512-b17KeDIQVjvb0ssuSDF2cYXSg2iztliJ4B9WdsuB6J952qCPKmnVq4DyW5motImXHDC1cBT/1UezrJVsKw5zjg==
  dependencies:
    http-parser-js ">=0.5.1"
    safe-buffer ">=5.1.0"
    websocket-extensions ">=0.1.1"

websocket-extensions@>=0.1.1:
  version "0.1.4"
  resolved "https://registry.npmjs.org/websocket-extensions/-/websocket-extensions-0.1.4.tgz"
  integrity sha512-OqedPIGOfsDlo31UNwYbCFMSaO9m9G/0faIHj5/dZFDMFqPTcx6UwqyOy3COEaEOg/9VsGIpdqn62W5KhoKSpg==

wrap-ansi@^7.0.0:
  version "7.0.0"
  resolved "https://registry.npmjs.org/wrap-ansi/-/wrap-ansi-7.0.0.tgz"
  integrity sha512-YVGIj2kamLSTxw6NsZjoBxfSwsn0ycdesmc4p+Q21c5zPuZ1pl+NfxVdxPtdHvmNVOQ6XSYG4AUtyt/Fi7D16Q==
  dependencies:
    ansi-styles "^4.0.0"
    string-width "^4.1.0"
    strip-ansi "^6.0.0"

y18n@^5.0.5:
  version "5.0.8"
  resolved "https://registry.npmjs.org/y18n/-/y18n-5.0.8.tgz"
  integrity sha512-0pfFzegeDWJHJIAmTLRP2DwHjdF5s7jo9tuztdQxAhINCdvS+3nGINqPd00AphqJR/0LhANUS6/+7SCb98YOfA==

yargs-parser@^21.1.1:
  version "21.1.1"
  resolved "https://registry.npmjs.org/yargs-parser/-/yargs-parser-21.1.1.tgz"
  integrity sha512-tVpsJW7DdjecAiFpbIB1e3qxIQsE6NoPc5/eTdrbbIC4h0LVsWhnoa3g+m2HclBIujHzsxZ4VJVA+GUuc2/LBw==

yargs@^17.7.2:
  version "17.7.2"
  resolved "https://registry.npmjs.org/yargs/-/yargs-17.7.2.tgz"
  integrity sha512-7dSzzRQ++CKnNI/krKnYRV7JKKPUXMEh61soaHKg9mrWEhzFWhFnxPxGl+69cD1Ou63C13NUPCnmIcrvqCuM6w==
  dependencies:
    cliui "^8.0.1"
    escalade "^3.1.1"
    get-caller-file "^2.0.5"
    require-directory "^2.1.1"
    string-width "^4.2.3"
    y18n "^5.0.5"
    yargs-parser "^21.1.1"

yn@3.1.1:
  version "3.1.1"
  resolved "https://registry.npmjs.org/yn/-/yn-3.1.1.tgz"
  integrity sha512-Ux4ygGWsu2c7isFWe8Yu1YluJmqVhxqK2cLXNQA5AcC3QfbGNpM7fu0Y8b/z16pXLnFxZYvWhd3fhBY9DLmC6Q==
