{
  "name": "functions",
  "requires": true,
  "lockfileVersion": 1,
  "dependencies": {
    "@types/express": {
      "version": "4.0.37",
      "resolved": "https://registry.npmjs.org/@types/express/-/express-4.0.37.tgz",
      "integrity": "sha512-tIULTLzQpFFs5/PKnFIAFOsXQxss76glppbVKR3/jddPK26SBsD5HF5grn5G2jOGtpRWSBvYmDYoduVv+3wOXg==",
      "requires": {
        "@types/express-serve-static-core": "4.0.53",
        "@types/serve-static": "1.7.32"
      }
    },
    "@types/express-serve-static-core": {
      "version": "4.0.53",
      "resolved": "https://registry.npmjs.org/@types/express-serve-static-core/-/express-serve-static-core-4.0.53.tgz",
      "integrity": "sha512-zaGeOpEYp5G2EhjaUFdVwysDrfEYc6Q6iPhd3Kl4ip30x0tvVv7SuJvY3yzCUSuFlzAG8N5KsyY6BJg93/cn+Q==",
      "requires": {
        "@types/node": "8.0.34"
      }
    },
    "@types/jsonwebtoken": {
      "version": "7.2.3",
      "resolved": "https://registry.npmjs.org/@types/jsonwebtoken/-/jsonwebtoken-7.2.3.tgz",
      "integrity": "sha512-cVhxZfVCyTZd1P+2a+xXSR9to7hZTulNRLLCQMVfAevUqx2Ee+EgsiD/7pX8qvdXWP3nWgSoTjKRLMrIpdPVjQ==",
      "requires": {
        "@types/node": "8.0.34"
      }
    },
    "@types/lodash": {
      "version": "4.14.77",
      "resolved": "https://registry.npmjs.org/@types/lodash/-/lodash-4.14.77.tgz",
      "integrity": "sha512-sRCTcVQkIiQqRoQcazgN2PvRLS7d9BnSl8elRZR5UYlpm6XgU8F4j/0csz8WoaKKTUqa6rSuOy3Vph7AHfX7KQ=="
    },
    "@types/mime": {
      "version": "2.0.0",
      "resolved": "https://registry.npmjs.org/@types/mime/-/mime-2.0.0.tgz",
      "integrity": "sha512-A2TAGbTFdBw9azHbpVd+/FkdW2T6msN1uct1O9bH3vTerEHKZhTXJUQXy+hNq1B0RagfU8U+KBdqiZpxjhOUQA=="
    },
    "@types/node": {
      "version": "8.0.34",
      "resolved": "https://registry.npmjs.org/@types/node/-/node-8.0.34.tgz",
      "integrity": "sha512-Jnmm57+nHqvJUPwUzt1CLoLzFtF2B2vgG7cWFut+a4nqTp9/L6pL0N+o0Jt3V7AQnCKMsPEqQpLFZYleBCdq3w=="
    },
    "@types/serve-static": {
      "version": "1.7.32",
      "resolved": "https://registry.npmjs.org/@types/serve-static/-/serve-static-1.7.32.tgz",
      "integrity": "sha512-WpI0g7M1FiOmJ/a97Qrjafq2I938tjAZ3hZr9O7sXyA6oUhH3bqUNZIt7r1KZg8TQAKxcvxt6JjQ5XuLfIBFvg==",
      "requires": {
        "@types/express-serve-static-core": "4.0.53",
        "@types/mime": "2.0.0"
      }
    },
    "@types/sha1": {
      "version": "1.1.0",
      "resolved": "https://registry.npmjs.org/@types/sha1/-/sha1-1.1.0.tgz",
      "integrity": "sha1-Rh6xiQbSXo0HxGeKDtT5ygfkbdk=",
      "requires": {
        "@types/node": "8.0.34"
      }
    },
    "accepts": {
      "version": "1.3.4",
      "resolved": "https://registry.npmjs.org/accepts/-/accepts-1.3.4.tgz",
      "integrity": "sha1-hiRnWMfdbSGmR0/whKR0DsBesh8=",
      "requires": {
        "mime-types": "2.1.17",
        "negotiator": "0.6.1"
      }
    },
    "array-flatten": {
      "version": "1.1.1",
      "resolved": "https://registry.npmjs.org/array-flatten/-/array-flatten-1.1.1.tgz",
      "integrity": "sha1-ml9pkFGx5wczKPKgCJaLZOopVdI="
    },
    "base64url": {
      "version": "2.0.0",
      "resolved": "https://registry.npmjs.org/base64url/-/base64url-2.0.0.tgz",
      "integrity": "sha1-6sFuA+oUOO/5Qj1puqNiYu0fcLs="
    },
    "body-parser": {
      "version": "1.18.2",
      "resolved": "https://registry.npmjs.org/body-parser/-/body-parser-1.18.2.tgz",
      "integrity": "sha1-h2eKGdhLR9hZuDGZvVm84iKxBFQ=",
      "requires": {
        "bytes": "3.0.0",
        "content-type": "1.0.4",
        "debug": "2.6.9",
        "depd": "1.1.1",
        "http-errors": "1.6.2",
        "iconv-lite": "0.4.19",
        "on-finished": "2.3.0",
        "qs": "6.5.1",
        "raw-body": "2.3.2",
        "type-is": "1.6.15"
      }
    },
    "buffer-equal-constant-time": {
      "version": "1.0.1",
      "resolved": "https://registry.npmjs.org/buffer-equal-constant-time/-/buffer-equal-constant-time-1.0.1.tgz",
      "integrity": "sha1-+OcRMvf/5uAaXJaXpMbz5I1cyBk="
    },
    "bytes": {
      "version": "3.0.0",
      "resolved": "https://registry.npmjs.org/bytes/-/bytes-3.0.0.tgz",
      "integrity": "sha1-0ygVQE1olpn4Wk6k+odV3ROpYEg="
    },
    "charenc": {
      "version": "0.0.2",
      "resolved": "https://registry.npmjs.org/charenc/-/charenc-0.0.2.tgz",
      "integrity": "sha1-wKHS86cJLgN3S/qD8UwPxXkKhmc="
    },
    "content-disposition": {
      "version": "0.5.2",
      "resolved": "https://registry.npmjs.org/content-disposition/-/content-disposition-0.5.2.tgz",
      "integrity": "sha1-DPaLud318r55YcOoUXjLhdunjLQ="
    },
    "content-type": {
      "version": "1.0.4",
      "resolved": "https://registry.npmjs.org/content-type/-/content-type-1.0.4.tgz",
      "integrity": "sha512-hIP3EEPs8tB9AT1L+NUqtwOAps4mk2Zob89MWXMHjHWg9milF/j4osnnQLXBCBFBk/tvIG/tUc9mOUJiPBhPXA=="
    },
    "cookie": {
      "version": "0.3.1",
      "resolved": "https://registry.npmjs.org/cookie/-/cookie-0.3.1.tgz",
      "integrity": "sha1-5+Ch+e9DtMi6klxcWpboBtFoc7s="
    },
    "cookie-signature": {
      "version": "1.0.6",
      "resolved": "https://registry.npmjs.org/cookie-signature/-/cookie-signature-1.0.6.tgz",
      "integrity": "sha1-4wOogrNCzD7oylE6eZmXNNqzriw="
    },
    "cors": {
      "version": "2.8.4",
      "resolved": "https://registry.npmjs.org/cors/-/cors-2.8.4.tgz",
      "integrity": "sha1-K9OB8usgECAQXNUOpZ2mMJBpRoY=",
      "requires": {
        "object-assign": "4.1.1",
        "vary": "1.1.2"
      }
    },
    "crypt": {
      "version": "0.0.2",
      "resolved": "https://registry.npmjs.org/crypt/-/crypt-0.0.2.tgz",
      "integrity": "sha1-iNf/fsDfuG9xPch7u0LQRNPmxBs="
    },
    "debug": {
      "version": "2.6.9",
      "resolved": "https://registry.npmjs.org/debug/-/debug-2.6.9.tgz",
      "integrity": "sha512-bC7ElrdJaJnPbAP+1EotYvqZsb3ecl5wi6Bfi6BJTUcNowp6cvspg0jXznRTKDjm/E7AdgFBVeAPVMNcKGsHMA==",
      "requires": {
        "ms": "2.0.0"
      }
    },
    "depd": {
      "version": "1.1.1",
      "resolved": "https://registry.npmjs.org/depd/-/depd-1.1.1.tgz",
      "integrity": "sha1-V4O04cRZ8G+lyif5kfPQbnoxA1k="
    },
    "destroy": {
      "version": "1.0.4",
      "resolved": "https://registry.npmjs.org/destroy/-/destroy-1.0.4.tgz",
      "integrity": "sha1-l4hXRCxEdJ5CBmE+N5RiBYJqvYA="
    },
    "ecdsa-sig-formatter": {
      "version": "1.0.9",
      "resolved": "https://registry.npmjs.org/ecdsa-sig-formatter/-/ecdsa-sig-formatter-1.0.9.tgz",
      "integrity": "sha1-S8kmJ07Dtau1AW5+HWCSGsJisqE=",
      "requires": {
        "base64url": "2.0.0",
        "safe-buffer": "5.1.1"
      }
    },
    "ee-first": {
      "version": "1.1.1",
      "resolved": "https://registry.npmjs.org/ee-first/-/ee-first-1.1.1.tgz",
      "integrity": "sha1-WQxhFWsK4vTwJVcyoViyZrxWsh0="
    },
    "encodeurl": {
      "version": "1.0.1",
      "resolved": "https://registry.npmjs.org/encodeurl/-/encodeurl-1.0.1.tgz",
      "integrity": "sha1-eePVhlU0aQn+bw9Fpd5oEDspTSA="
    },
    "escape-html": {
      "version": "1.0.3",
      "resolved": "https://registry.npmjs.org/escape-html/-/escape-html-1.0.3.tgz",
      "integrity": "sha1-Aljq5NPQwJdN4cFpGI7wBR0dGYg="
    },
    "etag": {
      "version": "1.8.1",
      "resolved": "https://registry.npmjs.org/etag/-/etag-1.8.1.tgz",
      "integrity": "sha1-Qa4u62XvpiJorr/qg6x9eSmbCIc="
    },
    "express": {
      "version": "4.16.2",
      "resolved": "https://registry.npmjs.org/express/-/express-4.16.2.tgz",
      "integrity": "sha1-41xt/i1kt9ygpc1PIXgb4ymeB2w=",
      "requires": {
        "accepts": "1.3.4",
        "array-flatten": "1.1.1",
        "body-parser": "1.18.2",
        "content-disposition": "0.5.2",
        "content-type": "1.0.4",
        "cookie": "0.3.1",
        "cookie-signature": "1.0.6",
        "debug": "2.6.9",
        "depd": "1.1.1",
        "encodeurl": "1.0.1",
        "escape-html": "1.0.3",
        "etag": "1.8.1",
        "finalhandler": "1.1.0",
        "fresh": "0.5.2",
        "merge-descriptors": "1.0.1",
        "methods": "1.1.2",
        "on-finished": "2.3.0",
        "parseurl": "1.3.2",
        "path-to-regexp": "0.1.7",
        "proxy-addr": "2.0.2",
        "qs": "6.5.1",
        "range-parser": "1.2.0",
        "safe-buffer": "5.1.1",
        "send": "0.16.1",
        "serve-static": "1.13.1",
        "setprototypeof": "1.1.0",
        "statuses": "1.3.1",
        "type-is": "1.6.15",
        "utils-merge": "1.0.1",
        "vary": "1.1.2"
      }
    },
    "finalhandler": {
      "version": "1.1.0",
      "resolved": "https://registry.npmjs.org/finalhandler/-/finalhandler-1.1.0.tgz",
      "integrity": "sha1-zgtoVbRYU+eRsvzGgARtiCU91/U=",
      "requires": {
        "debug": "2.6.9",
        "encodeurl": "1.0.1",
        "escape-html": "1.0.3",
        "on-finished": "2.3.0",
        "parseurl": "1.3.2",
        "statuses": "1.3.1",
        "unpipe": "1.0.0"
      }
    },
    "firebase-admin": {
      "version": "4.2.1",
      "resolved": "https://registry.npmjs.org/firebase-admin/-/firebase-admin-4.2.1.tgz",
      "integrity": "sha1-kXlL/CFO4h3sx2XTCEERZqBcCyA=",
      "requires": {
        "@types/jsonwebtoken": "7.2.0",
        "faye-websocket": "0.9.3",
        "jsonwebtoken": "7.1.9"
      },
      "dependencies": {
        "@types/jsonwebtoken": {
          "version": "7.2.0",
          "resolved": "https://registry.npmjs.org/@types/jsonwebtoken/-/jsonwebtoken-7.2.0.tgz",
          "integrity": "sha1-D+0yyFAdqArJg50tQDplyD13b/0=",
          "requires": {
            "@types/node": "7.0.12"
          }
        },
        "@types/node": {
          "version": "7.0.12",
          "resolved": "https://registry.npmjs.org/@types/node/-/node-7.0.12.tgz",
          "integrity": "sha1-rl9noZwV91IUgATbB8u7Ny5p78k="
        },
        "base64url": {
          "version": "2.0.0",
          "resolved": "https://registry.npmjs.org/base64url/-/base64url-2.0.0.tgz",
          "integrity": "sha1-6sFuA+oUOO/5Qj1puqNiYu0fcLs="
        },
        "buffer-equal-constant-time": {
          "version": "1.0.1",
          "resolved": "https://registry.npmjs.org/buffer-equal-constant-time/-/buffer-equal-constant-time-1.0.1.tgz",
          "integrity": "sha1-+OcRMvf/5uAaXJaXpMbz5I1cyBk="
        },
        "ecdsa-sig-formatter": {
          "version": "1.0.9",
          "resolved": "https://registry.npmjs.org/ecdsa-sig-formatter/-/ecdsa-sig-formatter-1.0.9.tgz",
          "integrity": "sha1-S8kmJ07Dtau1AW5+HWCSGsJisqE=",
          "requires": {
            "base64url": "2.0.0",
            "safe-buffer": "5.0.1"
          }
        },
        "faye-websocket": {
          "version": "0.9.3",
          "resolved": "https://registry.npmjs.org/faye-websocket/-/faye-websocket-0.9.3.tgz",
          "integrity": "sha1-SCpQWw3wrmJrlphm0710DNuWLoM=",
          "requires": {
            "websocket-driver": "0.6.5"
          }
        },
        "hoek": {
          "version": "2.16.3",
          "resolved": "https://registry.npmjs.org/hoek/-/hoek-2.16.3.tgz",
          "integrity": "sha1-ILt0A9POo5jpHcRxCo/xuCdKJe0="
        },
        "isemail": {
          "version": "1.2.0",
          "resolved": "https://registry.npmjs.org/isemail/-/isemail-1.2.0.tgz",
          "integrity": "sha1-vgPfjMPineTSxd9lASY/H6RZXpo="
        },
        "joi": {
          "version": "6.10.1",
          "resolved": "https://registry.npmjs.org/joi/-/joi-6.10.1.tgz",
          "integrity": "sha1-TVDDGAeRIgAP5fFq8f+OGRe3fgY=",
          "requires": {
            "hoek": "2.16.3",
            "isemail": "1.2.0",
            "moment": "2.18.1",
            "topo": "1.1.0"
          }
        },
        "jsonwebtoken": {
          "version": "7.1.9",
          "resolved": "https://registry.npmjs.org/jsonwebtoken/-/jsonwebtoken-7.1.9.tgz",
          "integrity": "sha1-hHgE5SWL7FqUmajcSl56O64I1Yo=",
          "requires": {
            "joi": "6.10.1",
            "jws": "3.1.4",
            "lodash.once": "4.1.1",
            "ms": "0.7.3",
            "xtend": "4.0.1"
          }
        },
        "jwa": {
          "version": "1.1.5",
          "resolved": "https://registry.npmjs.org/jwa/-/jwa-1.1.5.tgz",
          "integrity": "sha1-oFUs4CIHQs1S4VN3SjKQXDDnVuU=",
          "requires": {
            "base64url": "2.0.0",
            "buffer-equal-constant-time": "1.0.1",
            "ecdsa-sig-formatter": "1.0.9",
            "safe-buffer": "5.0.1"
          }
        },
        "jws": {
          "version": "3.1.4",
          "resolved": "https://registry.npmjs.org/jws/-/jws-3.1.4.tgz",
          "integrity": "sha1-+ei5M46KhHJ31kRLFGT2GIDgUKI=",
          "requires": {
            "base64url": "2.0.0",
            "jwa": "1.1.5",
            "safe-buffer": "5.0.1"
          }
        },
        "lodash.once": {
          "version": "4.1.1",
          "resolved": "https://registry.npmjs.org/lodash.once/-/lodash.once-4.1.1.tgz",
          "integrity": "sha1-DdOXEhPHxW34gJd9UEyI+0cal6w="
        },
        "moment": {
          "version": "2.18.1",
          "resolved": "https://registry.npmjs.org/moment/-/moment-2.18.1.tgz",
          "integrity": "sha1-w2GT3Tzhwu7SrbfIAtu8d6gbHA8="
        },
        "ms": {
          "version": "0.7.3",
          "resolved": "https://registry.npmjs.org/ms/-/ms-0.7.3.tgz",
          "integrity": "sha1-cIFVpeROM/X9D8U+gdDUCpG+H/8="
        },
        "safe-buffer": {
          "version": "5.0.1",
          "resolved": "https://registry.npmjs.org/safe-buffer/-/safe-buffer-5.0.1.tgz",
          "integrity": "sha1-0mPKVGls2KMGtcplUekt5XkY++c="
        },
        "topo": {
          "version": "1.1.0",
          "resolved": "https://registry.npmjs.org/topo/-/topo-1.1.0.tgz",
          "integrity": "sha1-6ddRYV0buH3IZdsYL6HKCl71NtU=",
          "requires": {
            "hoek": "2.16.3"
          }
        },
        "websocket-driver": {
          "version": "0.6.5",
          "resolved": "https://registry.npmjs.org/websocket-driver/-/websocket-driver-0.6.5.tgz",
          "integrity": "sha1-XLJVbOuF9Dc8bYI4qmkchFThOjY=",
          "requires": {
            "websocket-extensions": "0.1.1"
          }
        },
        "websocket-extensions": {
          "version": "0.1.1",
          "resolved": "https://registry.npmjs.org/websocket-extensions/-/websocket-extensions-0.1.1.tgz",
          "integrity": "sha1-domUmcGEtu91Q3fC27DNbLVdKec="
        },
        "xtend": {
          "version": "4.0.1",
          "resolved": "https://registry.npmjs.org/xtend/-/xtend-4.0.1.tgz",
          "integrity": "sha1-pcbVMr5lbiPbgg77lDofBJmNY68="
        }
      }
    },
    "firebase-functions": {
      "version": "0.5.9",
      "resolved": "https://registry.npmjs.org/firebase-functions/-/firebase-functions-0.5.9.tgz",
      "integrity": "sha1-dBVcP7QvO7FalXkzEWZNFL9hCno=",
      "requires": {
        "@types/express": "4.0.37",
        "@types/jsonwebtoken": "7.2.3",
        "@types/lodash": "4.14.77",
        "@types/sha1": "1.1.0",
        "express": "4.16.2",
        "jsonwebtoken": "7.4.3",
        "lodash": "4.17.4",
        "sha1": "1.1.1"
      }
    },
    "forwarded": {
      "version": "0.1.2",
      "resolved": "https://registry.npmjs.org/forwarded/-/forwarded-0.1.2.tgz",
      "integrity": "sha1-mMI9qxF1ZXuMBXPozszZGw/xjIQ="
    },
    "fresh": {
      "version": "0.5.2",
      "resolved": "https://registry.npmjs.org/fresh/-/fresh-0.5.2.tgz",
      "integrity": "sha1-PYyt2Q2XZWn6g1qx+OSyOhBWBac="
    },
    "hoek": {
      "version": "2.16.3",
      "resolved": "https://registry.npmjs.org/hoek/-/hoek-2.16.3.tgz",
      "integrity": "sha1-ILt0A9POo5jpHcRxCo/xuCdKJe0="
    },
    "http-errors": {
      "version": "1.6.2",
      "resolved": "https://registry.npmjs.org/http-errors/-/http-errors-1.6.2.tgz",
      "integrity": "sha1-CgAsyFcHGSp+eUbO7cERVfYOxzY=",
      "requires": {
        "depd": "1.1.1",
        "inherits": "2.0.3",
        "setprototypeof": "1.0.3",
        "statuses": "1.3.1"
      },
      "dependencies": {
        "setprototypeof": {
          "version": "1.0.3",
          "resolved": "https://registry.npmjs.org/setprototypeof/-/setprototypeof-1.0.3.tgz",
          "integrity": "sha1-ZlZ+NwQ+608E2RvWWMDL77VbjgQ="
        }
      }
    },
    "iconv-lite": {
      "version": "0.4.19",
      "resolved": "https://registry.npmjs.org/iconv-lite/-/iconv-lite-0.4.19.tgz",
      "integrity": "sha512-oTZqweIP51xaGPI4uPa56/Pri/480R+mo7SeU+YETByQNhDG55ycFyNLIgta9vXhILrxXDmF7ZGhqZIcuN0gJQ=="
    },
    "inherits": {
      "version": "2.0.3",
      "resolved": "https://registry.npmjs.org/inherits/-/inherits-2.0.3.tgz",
      "integrity": "sha1-Yzwsg+PaQqUC9SRmAiSA9CCCYd4="
    },
    "ipaddr.js": {
      "version": "1.5.2",
      "resolved": "https://registry.npmjs.org/ipaddr.js/-/ipaddr.js-1.5.2.tgz",
      "integrity": "sha1-1LUFvemUaYfM8PxY2QEP+WB+P6A="
    },
    "isemail": {
      "version": "1.2.0",
      "resolved": "https://registry.npmjs.org/isemail/-/isemail-1.2.0.tgz",
      "integrity": "sha1-vgPfjMPineTSxd9lASY/H6RZXpo="
    },
    "joi": {
      "version": "6.10.1",
      "resolved": "https://registry.npmjs.org/joi/-/joi-6.10.1.tgz",
      "integrity": "sha1-TVDDGAeRIgAP5fFq8f+OGRe3fgY=",
      "requires": {
        "hoek": "2.16.3",
        "isemail": "1.2.0",
        "moment": "2.19.0",
        "topo": "1.1.0"
      }
    },
    "jsonwebtoken": {
      "version": "7.4.3",
      "resolved": "https://registry.npmjs.org/jsonwebtoken/-/jsonwebtoken-7.4.3.tgz",
      "integrity": "sha1-d/UCHeBYtgWheD+hKD6ZgS5kVjg=",
      "requires": {
        "joi": "6.10.1",
        "jws": "3.1.4",
        "lodash.once": "4.1.1",
        "ms": "2.0.0",
        "xtend": "4.0.1"
      }
    },
    "jwa": {
      "version": "1.1.5",
      "resolved": "https://registry.npmjs.org/jwa/-/jwa-1.1.5.tgz",
      "integrity": "sha1-oFUs4CIHQs1S4VN3SjKQXDDnVuU=",
      "requires": {
        "base64url": "2.0.0",
        "buffer-equal-constant-time": "1.0.1",
        "ecdsa-sig-formatter": "1.0.9",
        "safe-buffer": "5.1.1"
      }
    },
    "jws": {
      "version": "3.1.4",
      "resolved": "https://registry.npmjs.org/jws/-/jws-3.1.4.tgz",
      "integrity": "sha1-+ei5M46KhHJ31kRLFGT2GIDgUKI=",
      "requires": {
        "base64url": "2.0.0",
        "jwa": "1.1.5",
        "safe-buffer": "5.1.1"
      }
    },
    "lodash": {
      "version": "4.17.4",
      "resolved": "https://registry.npmjs.org/lodash/-/lodash-4.17.4.tgz",
      "integrity": "sha1-eCA6TRwyiuHYbcpkYONptX9AVa4="
    },
    "lodash.once": {
      "version": "4.1.1",
      "resolved": "https://registry.npmjs.org/lodash.once/-/lodash.once-4.1.1.tgz",
      "integrity": "sha1-DdOXEhPHxW34gJd9UEyI+0cal6w="
    },
    "media-typer": {
      "version": "0.3.0",
      "resolved": "https://registry.npmjs.org/media-typer/-/media-typer-0.3.0.tgz",
      "integrity": "sha1-hxDXrwqmJvj/+hzgAWhUUmMlV0g="
    },
    "merge-descriptors": {
      "version": "1.0.1",
      "resolved": "https://registry.npmjs.org/merge-descriptors/-/merge-descriptors-1.0.1.tgz",
      "integrity": "sha1-sAqqVW3YtEVoFQ7J0blT8/kMu2E="
    },
    "methods": {
      "version": "1.1.2",
      "resolved": "https://registry.npmjs.org/methods/-/methods-1.1.2.tgz",
      "integrity": "sha1-VSmk1nZUE07cxSZmVoNbD4Ua/O4="
    },
    "mime": {
      "version": "1.4.1",
      "resolved": "https://registry.npmjs.org/mime/-/mime-1.4.1.tgz",
      "integrity": "sha512-KI1+qOZu5DcW6wayYHSzR/tXKCDC5Om4s1z2QJjDULzLcmf3DvzS7oluY4HCTrc+9FiKmWUgeNLg7W3uIQvxtQ=="
    },
    "mime-db": {
      "version": "1.30.0",
      "resolved": "https://registry.npmjs.org/mime-db/-/mime-db-1.30.0.tgz",
      "integrity": "sha1-dMZD2i3Z1qRTmZY0ZbJtXKfXHwE="
    },
    "mime-types": {
      "version": "2.1.17",
      "resolved": "https://registry.npmjs.org/mime-types/-/mime-types-2.1.17.tgz",
      "integrity": "sha1-Cdejk/A+mVp5+K+Fe3Cp4KsWVXo=",
      "requires": {
        "mime-db": "1.30.0"
      }
    },
    "moment": {
      "version": "2.19.0",
      "resolved": "https://registry.npmjs.org/moment/-/moment-2.19.0.tgz",
      "integrity": "sha1-RPZ172uUSUJ2JYGxwXn7Z55ZnWc="
    },
    "ms": {
      "version": "2.0.0",
      "resolved": "https://registry.npmjs.org/ms/-/ms-2.0.0.tgz",
      "integrity": "sha1-VgiurfwAvmwpAd9fmGF4jeDVl8g="
    },
    "negotiator": {
      "version": "0.6.1",
      "resolved": "https://registry.npmjs.org/negotiator/-/negotiator-0.6.1.tgz",
      "integrity": "sha1-KzJxhOiZIQEXeyhWP7XnECrNDKk="
    },
    "object-assign": {
      "version": "4.1.1",
      "resolved": "https://registry.npmjs.org/object-assign/-/object-assign-4.1.1.tgz",
      "integrity": "sha1-IQmtx5ZYh8/AXLvUQsrIv7s2CGM="
    },
    "on-finished": {
      "version": "2.3.0",
      "resolved": "https://registry.npmjs.org/on-finished/-/on-finished-2.3.0.tgz",
      "integrity": "sha1-IPEzZIGwg811M3mSoWlxqi2QaUc=",
      "requires": {
        "ee-first": "1.1.1"
      }
    },
    "parseurl": {
      "version": "1.3.2",
      "resolved": "https://registry.npmjs.org/parseurl/-/parseurl-1.3.2.tgz",
      "integrity": "sha1-/CidTtiZMRlGDBViUyYs3I3mW/M="
    },
    "path-to-regexp": {
      "version": "0.1.7",
      "resolved": "https://registry.npmjs.org/path-to-regexp/-/path-to-regexp-0.1.7.tgz",
      "integrity": "sha1-32BBeABfUi8V60SQ5yR6G/qmf4w="
    },
    "proxy-addr": {
      "version": "2.0.2",
      "resolved": "https://registry.npmjs.org/proxy-addr/-/proxy-addr-2.0.2.tgz",
      "integrity": "sha1-ZXFQT0e7mI7IGAJT+F3X4UlSvew=",
      "requires": {
        "forwarded": "0.1.2",
        "ipaddr.js": "1.5.2"
      }
    },
    "qs": {
      "version": "6.5.1",
      "resolved": "https://registry.npmjs.org/qs/-/qs-6.5.1.tgz",
      "integrity": "sha512-eRzhrN1WSINYCDCbrz796z37LOe3m5tmW7RQf6oBntukAG1nmovJvhnwHHRMAfeoItc1m2Hk02WER2aQ/iqs+A=="
    },
    "range-parser": {
      "version": "1.2.0",
      "resolved": "https://registry.npmjs.org/range-parser/-/range-parser-1.2.0.tgz",
      "integrity": "sha1-9JvmtIeJTdxA3MlKMi9hEJLgDV4="
    },
    "raw-body": {
      "version": "2.3.2",
      "resolved": "https://registry.npmjs.org/raw-body/-/raw-body-2.3.2.tgz",
      "integrity": "sha1-vNYMd9Prk83gBQKVw/N5OJvIj4k=",
      "requires": {
        "bytes": "3.0.0",
        "http-errors": "1.6.2",
        "iconv-lite": "0.4.19",
        "unpipe": "1.0.0"
      }
    },
    "safe-buffer": {
      "version": "5.1.1",
      "resolved": "https://registry.npmjs.org/safe-buffer/-/safe-buffer-5.1.1.tgz",
      "integrity": "sha512-kKvNJn6Mm93gAczWVJg7wH+wGYWNrDHdWvpUmHyEsgCtIwwo3bqPtV4tR5tuPaUhTOo/kvhVwd8XwwOllGYkbg=="
    },
    "send": {
      "version": "0.16.1",
      "resolved": "https://registry.npmjs.org/send/-/send-0.16.1.tgz",
      "integrity": "sha512-ElCLJdJIKPk6ux/Hocwhk7NFHpI3pVm/IZOYWqUmoxcgeyM+MpxHHKhb8QmlJDX1pU6WrgaHBkVNm73Sv7uc2A==",
      "requires": {
        "debug": "2.6.9",
        "depd": "1.1.1",
        "destroy": "1.0.4",
        "encodeurl": "1.0.1",
        "escape-html": "1.0.3",
        "etag": "1.8.1",
        "fresh": "0.5.2",
        "http-errors": "1.6.2",
        "mime": "1.4.1",
        "ms": "2.0.0",
        "on-finished": "2.3.0",
        "range-parser": "1.2.0",
        "statuses": "1.3.1"
      }
    },
    "serve-static": {
      "version": "1.13.1",
      "resolved": "https://registry.npmjs.org/serve-static/-/serve-static-1.13.1.tgz",
      "integrity": "sha512-hSMUZrsPa/I09VYFJwa627JJkNs0NrfL1Uzuup+GqHfToR2KcsXFymXSV90hoyw3M+msjFuQly+YzIH/q0MGlQ==",
      "requires": {
        "encodeurl": "1.0.1",
        "escape-html": "1.0.3",
        "parseurl": "1.3.2",
        "send": "0.16.1"
      }
    },
    "setprototypeof": {
      "version": "1.1.0",
      "resolved": "https://registry.npmjs.org/setprototypeof/-/setprototypeof-1.1.0.tgz",
      "integrity": "sha512-BvE/TwpZX4FXExxOxZyRGQQv651MSwmWKZGqvmPcRIjDqWub67kTKuIMx43cZZrS/cBBzwBcNDWoFxt2XEFIpQ=="
    },
    "sha1": {
      "version": "1.1.1",
      "resolved": "https://registry.npmjs.org/sha1/-/sha1-1.1.1.tgz",
      "integrity": "sha1-rdqnqTFo85PxnrKxUJFhjicA+Eg=",
      "requires": {
        "charenc": "0.0.2",
        "crypt": "0.0.2"
      }
    },
    "statuses": {
      "version": "1.3.1",
      "resolved": "https://registry.npmjs.org/statuses/-/statuses-1.3.1.tgz",
      "integrity": "sha1-+vUbnrdKrvOzrPStX2Gr8ky3uT4="
    },
    "topo": {
      "version": "1.1.0",
      "resolved": "https://registry.npmjs.org/topo/-/topo-1.1.0.tgz",
      "integrity": "sha1-6ddRYV0buH3IZdsYL6HKCl71NtU=",
      "requires": {
        "hoek": "2.16.3"
      }
    },
    "type-is": {
      "version": "1.6.15",
      "resolved": "https://registry.npmjs.org/type-is/-/type-is-1.6.15.tgz",
      "integrity": "sha1-yrEPtJCeRByChC6v4a1kbIGARBA=",
      "requires": {
        "media-typer": "0.3.0",
        "mime-types": "2.1.17"
      }
    },
    "unpipe": {
      "version": "1.0.0",
      "resolved": "https://registry.npmjs.org/unpipe/-/unpipe-1.0.0.tgz",
      "integrity": "sha1-sr9O6FFKrmFltIF4KdIbLvSZBOw="
    },
    "utils-merge": {
      "version": "1.0.1",
      "resolved": "https://registry.npmjs.org/utils-merge/-/utils-merge-1.0.1.tgz",
      "integrity": "sha1-n5VxD1CiZ5R7LMwSR0HBAoQn5xM="
    },
    "vary": {
      "version": "1.1.2",
      "resolved": "https://registry.npmjs.org/vary/-/vary-1.1.2.tgz",
      "integrity": "sha1-IpnwLG3tMNSllhsLn3RSShj2NPw="
    },
    "xtend": {
      "version": "4.0.1",
      "resolved": "https://registry.npmjs.org/xtend/-/xtend-4.0.1.tgz",
      "integrity": "sha1-pcbVMr5lbiPbgg77lDofBJmNY68="
    }
  }
}
