# THIS IS AN AUTOGENERATED FILE. DO NOT EDIT THIS FILE DIRECTLY.
# yarn lockfile v1


JSONStream@^1.0.3:
  version "1.3.1"
  resolved "http://localhost:4873/JSONStream/-/JSONStream-1.3.1.tgz#707f761e01dae9e16f1bcf93703b78c70966579a"
  dependencies:
    jsonparse "^1.2.0"
    through ">=2.2.7 <3"

abbrev@1:
  version "1.1.0"
  resolved "http://localhost:4873/abbrev/-/abbrev-1.1.0.tgz#d0554c2256636e2f56e7c2e5ad183f859428d81f"

acorn@^4.0.3:
  version "4.0.13"
  resolved "http://localhost:4873/acorn/-/acorn-4.0.13.tgz#105495ae5361d697bd195c825192e1ad7f253787"

array-filter@~0.0.0:
  version "0.0.1"
  resolved "http://localhost:4873/array-filter/-/array-filter-0.0.1.tgz#7da8cf2e26628ed732803581fd21f67cacd2eeec"

array-map@~0.0.0:
  version "0.0.0"
  resolved "http://localhost:4873/array-map/-/array-map-0.0.0.tgz#88a2bab73d1cf7bcd5c1b118a003f66f665fa662"

array-reduce@~0.0.0:
  version "0.0.0"
  resolved "http://localhost:4873/array-reduce/-/array-reduce-0.0.0.tgz#173899d3ffd1c7d9383e4479525dbe278cab5f2b"

asn1.js@^4.0.0:
  version "4.9.1"
  resolved "http://localhost:4873/asn1.js/-/asn1.js-4.9.1.tgz#48ba240b45a9280e94748990ba597d216617fd40"
  dependencies:
    bn.js "^4.0.0"
    inherits "^2.0.1"
    minimalistic-assert "^1.0.0"

assert@^1.4.0:
  version "1.4.1"
  resolved "http://localhost:4873/assert/-/assert-1.4.1.tgz#99912d591836b5a6f5b345c0f07eefc08fc65d91"
  dependencies:
    util "0.10.3"

astw@^2.0.0:
  version "2.2.0"
  resolved "http://localhost:4873/astw/-/astw-2.2.0.tgz#7bd41784d32493987aeb239b6b4e1c57a873b917"
  dependencies:
    acorn "^4.0.3"

balanced-match@^1.0.0:
  version "1.0.0"
  resolved "http://localhost:4873/balanced-match/-/balanced-match-1.0.0.tgz#89b4d199ab2bee49de164ea02b89ce462d71b767"

base64-js@0.0.8:
  version "0.0.8"
  resolved "http://localhost:4873/base64-js/-/base64-js-0.0.8.tgz#1101e9544f4a76b1bc3b26d452ca96d7a35e7978"

base64-js@^1.0.2:
  version "1.2.1"
  resolved "http://localhost:4873/base64-js/-/base64-js-1.2.1.tgz#a91947da1f4a516ea38e5b4ec0ec3773675e0886"

bl@^1.0.0:
  version "1.2.1"
  resolved "http://localhost:4873/bl/-/bl-1.2.1.tgz#cac328f7bee45730d404b692203fcb590e172d5e"
  dependencies:
    readable-stream "^2.0.5"

bn.js@^4.0.0, bn.js@^4.1.0, bn.js@^4.1.1, bn.js@^4.4.0:
  version "4.11.8"
  resolved "http://localhost:4873/bn.js/-/bn.js-4.11.8.tgz#2cde09eb5ee341f484746bb0309b3253b1b1442f"

brace-expansion@^1.1.7:
  version "1.1.8"
  resolved "http://localhost:4873/brace-expansion/-/brace-expansion-1.1.8.tgz#c07b211c7c952ec1f8efd51a77ef0d1d3990a292"
  dependencies:
    balanced-match "^1.0.0"
    concat-map "0.0.1"

brorand@^1.0.1:
  version "1.1.0"
  resolved "http://localhost:4873/brorand/-/brorand-1.1.0.tgz#12c25efe40a45e3c323eb8675a0a0ce57b22371f"

browser-pack@^6.0.1:
  version "6.0.2"
  resolved "http://localhost:4873/browser-pack/-/browser-pack-6.0.2.tgz#f86cd6cef4f5300c8e63e07a4d512f65fbff4531"
  dependencies:
    JSONStream "^1.0.3"
    combine-source-map "~0.7.1"
    defined "^1.0.0"
    through2 "^2.0.0"
    umd "^3.0.0"

browser-resolve@^1.11.0, browser-resolve@^1.7.0:
  version "1.11.2"
  resolved "http://localhost:4873/browser-resolve/-/browser-resolve-1.11.2.tgz#8ff09b0a2c421718a1051c260b32e48f442938ce"
  dependencies:
    resolve "1.1.7"

browserify-aes@^1.0.0, browserify-aes@^1.0.4:
  version "1.0.8"
  resolved "http://localhost:4873/browserify-aes/-/browserify-aes-1.0.8.tgz#c8fa3b1b7585bb7ba77c5560b60996ddec6d5309"
  dependencies:
    buffer-xor "^1.0.3"
    cipher-base "^1.0.0"
    create-hash "^1.1.0"
    evp_bytestokey "^1.0.3"
    inherits "^2.0.1"
    safe-buffer "^5.0.1"

browserify-cipher@^1.0.0:
  version "1.0.0"
  resolved "http://localhost:4873/browserify-cipher/-/browserify-cipher-1.0.0.tgz#9988244874bf5ed4e28da95666dcd66ac8fc363a"
  dependencies:
    browserify-aes "^1.0.4"
    browserify-des "^1.0.0"
    evp_bytestokey "^1.0.0"

browserify-des@^1.0.0:
  version "1.0.0"
  resolved "http://localhost:4873/browserify-des/-/browserify-des-1.0.0.tgz#daa277717470922ed2fe18594118a175439721dd"
  dependencies:
    cipher-base "^1.0.1"
    des.js "^1.0.0"
    inherits "^2.0.1"

browserify-rsa@^4.0.0:
  version "4.0.1"
  resolved "http://localhost:4873/browserify-rsa/-/browserify-rsa-4.0.1.tgz#21e0abfaf6f2029cf2fafb133567a701d4135524"
  dependencies:
    bn.js "^4.1.0"
    randombytes "^2.0.1"

browserify-sign@^4.0.0:
  version "4.0.4"
  resolved "http://localhost:4873/browserify-sign/-/browserify-sign-4.0.4.tgz#aa4eb68e5d7b658baa6bf6a57e630cbd7a93d298"
  dependencies:
    bn.js "^4.1.1"
    browserify-rsa "^4.0.0"
    create-hash "^1.1.0"
    create-hmac "^1.1.2"
    elliptic "^6.0.0"
    inherits "^2.0.1"
    parse-asn1 "^5.0.0"

browserify-zlib@~0.1.2:
  version "0.1.4"
  resolved "http://localhost:4873/browserify-zlib/-/browserify-zlib-0.1.4.tgz#bb35f8a519f600e0fa6b8485241c979d0141fb2d"
  dependencies:
    pako "~0.2.0"

browserify@14.4.0:
  version "14.4.0"
  resolved "http://localhost:4873/browserify/-/browserify-14.4.0.tgz#089a3463af58d0e48d8cd4070b3f74654d5abca9"
  dependencies:
    JSONStream "^1.0.3"
    assert "^1.4.0"
    browser-pack "^6.0.1"
    browser-resolve "^1.11.0"
    browserify-zlib "~0.1.2"
    buffer "^5.0.2"
    cached-path-relative "^1.0.0"
    concat-stream "~1.5.1"
    console-browserify "^1.1.0"
    constants-browserify "~1.0.0"
    crypto-browserify "^3.0.0"
    defined "^1.0.0"
    deps-sort "^2.0.0"
    domain-browser "~1.1.0"
    duplexer2 "~0.1.2"
    events "~1.1.0"
    glob "^7.1.0"
    has "^1.0.0"
    htmlescape "^1.1.0"
    https-browserify "^1.0.0"
    inherits "~2.0.1"
    insert-module-globals "^7.0.0"
    labeled-stream-splicer "^2.0.0"
    module-deps "^4.0.8"
    os-browserify "~0.1.1"
    parents "^1.0.1"
    path-browserify "~0.0.0"
    process "~0.11.0"
    punycode "^1.3.2"
    querystring-es3 "~0.2.0"
    read-only-stream "^2.0.0"
    readable-stream "^2.0.2"
    resolve "^1.1.4"
    shasum "^1.0.0"
    shell-quote "^1.6.1"
    stream-browserify "^2.0.0"
    stream-http "^2.0.0"
    string_decoder "~1.0.0"
    subarg "^1.0.0"
    syntax-error "^1.1.1"
    through2 "^2.0.0"
    timers-browserify "^1.0.1"
    tty-browserify "~0.0.0"
    url "~0.11.0"
    util "~0.10.1"
    vm-browserify "~0.0.1"
    xtend "^4.0.0"

buffer-crc32@~0.2.3:
  version "0.2.13"
  resolved "http://localhost:4873/buffer-crc32/-/buffer-crc32-0.2.13.tgz#0d333e3f00eac50aa1454abd30ef8c2a5d9a7242"

buffer-xor@^1.0.3:
  version "1.0.3"
  resolved "http://localhost:4873/buffer-xor/-/buffer-xor-1.0.3.tgz#26e61ed1422fb70dd42e6e36729ed51d855fe8d9"

buffer@^3.0.1:
  version "3.6.0"
  resolved "http://localhost:4873/buffer/-/buffer-3.6.0.tgz#a72c936f77b96bf52f5f7e7b467180628551defb"
  dependencies:
    base64-js "0.0.8"
    ieee754 "^1.1.4"
    isarray "^1.0.0"

buffer@^5.0.2:
  version "5.0.7"
  resolved "http://localhost:4873/buffer/-/buffer-5.0.7.tgz#570a290b625cf2603290c1149223d27ccf04db97"
  dependencies:
    base64-js "^1.0.2"
    ieee754 "^1.1.4"

builtin-status-codes@^3.0.0:
  version "3.0.0"
  resolved "http://localhost:4873/builtin-status-codes/-/builtin-status-codes-3.0.0.tgz#85982878e21b98e1c66425e03d0174788f569ee8"

cached-path-relative@^1.0.0:
  version "1.0.1"
  resolved "http://localhost:4873/cached-path-relative/-/cached-path-relative-1.0.1.tgz#d09c4b52800aa4c078e2dd81a869aac90d2e54e7"

cipher-base@^1.0.0, cipher-base@^1.0.1, cipher-base@^1.0.3:
  version "1.0.4"
  resolved "http://localhost:4873/cipher-base/-/cipher-base-1.0.4.tgz#8760e4ecc272f4c363532f926d874aae2c1397de"
  dependencies:
    inherits "^2.0.1"
    safe-buffer "^5.0.1"

clean-css@^4.1.8:
  version "4.1.9"
  resolved "http://localhost:4873/clean-css/-/clean-css-4.1.9.tgz#35cee8ae7687a49b98034f70de00c4edd3826301"
  dependencies:
    source-map "0.5.x"

closure-builder@^2.2.23:
  version "2.2.27"
  resolved "http://localhost:4873/closure-builder/-/closure-builder-2.2.27.tgz#2514342bfc8aabad91e3953aa5e3817c1910f773"
  dependencies:
    browserify "14.4.0"
    clean-css "^4.1.8"
    decompress "^4.2.0"
    eslint-config-google "^0.9.1"
    follow-redirects "1.2.4"
    fs-extra "4.0.1"
    glob "7.1.2"
    loglevel "^1.5.0"
    marked "0.3.6"
    mkdirp "0.5.1"
    path-parse "1.0.5"
    progress "2.0.0"
    rimraf "^2.6.2"
    rollup "^0.49.3"
    touch "3.1.0"
    validator "^8.2.0"

combine-source-map@~0.7.1:
  version "0.7.2"
  resolved "http://localhost:4873/combine-source-map/-/combine-source-map-0.7.2.tgz#0870312856b307a87cc4ac486f3a9a62aeccc09e"
  dependencies:
    convert-source-map "~1.1.0"
    inline-source-map "~0.6.0"
    lodash.memoize "~3.0.3"
    source-map "~0.5.3"

commander@~2.8.1:
  version "2.8.1"
  resolved "http://localhost:4873/commander/-/commander-2.8.1.tgz#06be367febfda0c330aa1e2a072d3dc9762425d4"
  dependencies:
    graceful-readlink ">= 1.0.0"

concat-map@0.0.1:
  version "0.0.1"
  resolved "http://localhost:4873/concat-map/-/concat-map-0.0.1.tgz#d8a96bd77fd68df7793a73036a3ba0d5405d477b"

concat-stream@~1.5.0, concat-stream@~1.5.1:
  version "1.5.2"
  resolved "http://localhost:4873/concat-stream/-/concat-stream-1.5.2.tgz#708978624d856af41a5a741defdd261da752c266"
  dependencies:
    inherits "~2.0.1"
    readable-stream "~2.0.0"
    typedarray "~0.0.5"

console-browserify@^1.1.0:
  version "1.1.0"
  resolved "http://localhost:4873/console-browserify/-/console-browserify-1.1.0.tgz#f0241c45730a9fc6323b206dbf38edc741d0bb10"
  dependencies:
    date-now "^0.1.4"

constants-browserify@~1.0.0:
  version "1.0.0"
  resolved "http://localhost:4873/constants-browserify/-/constants-browserify-1.0.0.tgz#c20b96d8c617748aaf1c16021760cd27fcb8cb75"

convert-source-map@~1.1.0:
  version "1.1.3"
  resolved "http://localhost:4873/convert-source-map/-/convert-source-map-1.1.3.tgz#4829c877e9fe49b3161f3bf3673888e204699860"

core-util-is@~1.0.0:
  version "1.0.2"
  resolved "http://localhost:4873/core-util-is/-/core-util-is-1.0.2.tgz#b5fd54220aa2bc5ab57aab7140c940754503c1a7"

create-ecdh@^4.0.0:
  version "4.0.0"
  resolved "http://localhost:4873/create-ecdh/-/create-ecdh-4.0.0.tgz#888c723596cdf7612f6498233eebd7a35301737d"
  dependencies:
    bn.js "^4.1.0"
    elliptic "^6.0.0"

create-hash@^1.1.0, create-hash@^1.1.2:
  version "1.1.3"
  resolved "http://localhost:4873/create-hash/-/create-hash-1.1.3.tgz#606042ac8b9262750f483caddab0f5819172d8fd"
  dependencies:
    cipher-base "^1.0.1"
    inherits "^2.0.1"
    ripemd160 "^2.0.0"
    sha.js "^2.4.0"

create-hmac@^1.1.0, create-hmac@^1.1.2, create-hmac@^1.1.4:
  version "1.1.6"
  resolved "http://localhost:4873/create-hmac/-/create-hmac-1.1.6.tgz#acb9e221a4e17bdb076e90657c42b93e3726cf06"
  dependencies:
    cipher-base "^1.0.3"
    create-hash "^1.1.0"
    inherits "^2.0.1"
    ripemd160 "^2.0.0"
    safe-buffer "^5.0.1"
    sha.js "^2.4.8"

crypto-browserify@^3.0.0:
  version "3.11.1"
  resolved "http://localhost:4873/crypto-browserify/-/crypto-browserify-3.11.1.tgz#948945efc6757a400d6e5e5af47194d10064279f"
  dependencies:
    browserify-cipher "^1.0.0"
    browserify-sign "^4.0.0"
    create-ecdh "^4.0.0"
    create-hash "^1.1.0"
    create-hmac "^1.1.0"
    diffie-hellman "^5.0.0"
    inherits "^2.0.1"
    pbkdf2 "^3.0.3"
    public-encrypt "^4.0.0"
    randombytes "^2.0.0"

date-now@^0.1.4:
  version "0.1.4"
  resolved "http://localhost:4873/date-now/-/date-now-0.1.4.tgz#eaf439fd4d4848ad74e5cc7dbef200672b9e345b"

debug@^2.4.5:
  version "2.6.8"
  resolved "http://localhost:4873/debug/-/debug-2.6.8.tgz#e731531ca2ede27d188222427da17821d68ff4fc"
  dependencies:
    ms "2.0.0"

decompress-tar@^4.0.0, decompress-tar@^4.1.0, decompress-tar@^4.1.1:
  version "4.1.1"
  resolved "http://localhost:4873/decompress-tar/-/decompress-tar-4.1.1.tgz#718cbd3fcb16209716e70a26b84e7ba4592e5af1"
  dependencies:
    file-type "^5.2.0"
    is-stream "^1.1.0"
    tar-stream "^1.5.2"

decompress-tarbz2@^4.0.0:
  version "4.1.1"
  resolved "http://localhost:4873/decompress-tarbz2/-/decompress-tarbz2-4.1.1.tgz#3082a5b880ea4043816349f378b56c516be1a39b"
  dependencies:
    decompress-tar "^4.1.0"
    file-type "^6.1.0"
    is-stream "^1.1.0"
    seek-bzip "^1.0.5"
    unbzip2-stream "^1.0.9"

decompress-targz@^4.0.0:
  version "4.1.1"
  resolved "http://localhost:4873/decompress-targz/-/decompress-targz-4.1.1.tgz#c09bc35c4d11f3de09f2d2da53e9de23e7ce1eee"
  dependencies:
    decompress-tar "^4.1.1"
    file-type "^5.2.0"
    is-stream "^1.1.0"

decompress-unzip@^4.0.1:
  version "4.0.1"
  resolved "http://localhost:4873/decompress-unzip/-/decompress-unzip-4.0.1.tgz#deaaccdfd14aeaf85578f733ae8210f9b4848f69"
  dependencies:
    file-type "^3.8.0"
    get-stream "^2.2.0"
    pify "^2.3.0"
    yauzl "^2.4.2"

decompress@^4.2.0:
  version "4.2.0"
  resolved "http://localhost:4873/decompress/-/decompress-4.2.0.tgz#7aedd85427e5a92dacfe55674a7c505e96d01f9d"
  dependencies:
    decompress-tar "^4.0.0"
    decompress-tarbz2 "^4.0.0"
    decompress-targz "^4.0.0"
    decompress-unzip "^4.0.1"
    graceful-fs "^4.1.10"
    make-dir "^1.0.0"
    pify "^2.3.0"
    strip-dirs "^2.0.0"

defined@^1.0.0:
  version "1.0.0"
  resolved "http://localhost:4873/defined/-/defined-1.0.0.tgz#c98d9bcef75674188e110969151199e39b1fa693"

deps-sort@^2.0.0:
  version "2.0.0"
  resolved "http://localhost:4873/deps-sort/-/deps-sort-2.0.0.tgz#091724902e84658260eb910748cccd1af6e21fb5"
  dependencies:
    JSONStream "^1.0.3"
    shasum "^1.0.0"
    subarg "^1.0.0"
    through2 "^2.0.0"

des.js@^1.0.0:
  version "1.0.0"
  resolved "http://localhost:4873/des.js/-/des.js-1.0.0.tgz#c074d2e2aa6a8a9a07dbd61f9a15c2cd83ec8ecc"
  dependencies:
    inherits "^2.0.1"
    minimalistic-assert "^1.0.0"

detective@^4.0.0:
  version "4.5.0"
  resolved "http://localhost:4873/detective/-/detective-4.5.0.tgz#6e5a8c6b26e6c7a254b1c6b6d7490d98ec91edd1"
  dependencies:
    acorn "^4.0.3"
    defined "^1.0.0"

diffie-hellman@^5.0.0:
  version "5.0.2"
  resolved "http://localhost:4873/diffie-hellman/-/diffie-hellman-5.0.2.tgz#b5835739270cfe26acf632099fded2a07f209e5e"
  dependencies:
    bn.js "^4.1.0"
    miller-rabin "^4.0.0"
    randombytes "^2.0.0"

domain-browser@~1.1.0:
  version "1.1.7"
  resolved "http://localhost:4873/domain-browser/-/domain-browser-1.1.7.tgz#867aa4b093faa05f1de08c06f4d7b21fdf8698bc"

duplexer2@^0.1.2, duplexer2@~0.1.0, duplexer2@~0.1.2:
  version "0.1.4"
  resolved "http://localhost:4873/duplexer2/-/duplexer2-0.1.4.tgz#8b12dab878c0d69e3e7891051662a32fc6bddcc1"
  dependencies:
    readable-stream "^2.0.2"

elliptic@^6.0.0:
  version "6.4.0"
  resolved "http://localhost:4873/elliptic/-/elliptic-6.4.0.tgz#cac9af8762c85836187003c8dfe193e5e2eae5df"
  dependencies:
    bn.js "^4.4.0"
    brorand "^1.0.1"
    hash.js "^1.0.0"
    hmac-drbg "^1.0.0"
    inherits "^2.0.1"
    minimalistic-assert "^1.0.0"
    minimalistic-crypto-utils "^1.0.0"

end-of-stream@^1.0.0:
  version "1.4.0"
  resolved "http://localhost:4873/end-of-stream/-/end-of-stream-1.4.0.tgz#7a90d833efda6cfa6eac0f4949dbb0fad3a63206"
  dependencies:
    once "^1.4.0"

eslint-config-google@^0.9.1:
  version "0.9.1"
  resolved "http://localhost:4873/eslint-config-google/-/eslint-config-google-0.9.1.tgz#83353c3dba05f72bb123169a4094f4ff120391eb"

events@~1.1.0:
  version "1.1.1"
  resolved "http://localhost:4873/events/-/events-1.1.1.tgz#9ebdb7635ad099c70dcc4c2a1f5004288e8bd924"

evp_bytestokey@^1.0.0, evp_bytestokey@^1.0.3:
  version "1.0.3"
  resolved "http://localhost:4873/evp_bytestokey/-/evp_bytestokey-1.0.3.tgz#7fcbdb198dc71959432efe13842684e0525acb02"
  dependencies:
    md5.js "^1.3.4"
    safe-buffer "^5.1.1"

fd-slicer@~1.0.1:
  version "1.0.1"
  resolved "http://localhost:4873/fd-slicer/-/fd-slicer-1.0.1.tgz#8b5bcbd9ec327c5041bf9ab023fd6750f1177e65"
  dependencies:
    pend "~1.2.0"

file-type@^3.8.0:
  version "3.9.0"
  resolved "http://localhost:4873/file-type/-/file-type-3.9.0.tgz#257a078384d1db8087bc449d107d52a52672b9e9"

file-type@^5.2.0:
  version "5.2.0"
  resolved "http://localhost:4873/file-type/-/file-type-5.2.0.tgz#2ddbea7c73ffe36368dfae49dc338c058c2b8ad6"

file-type@^6.1.0:
  version "6.1.0"
  resolved "http://localhost:4873/file-type/-/file-type-6.1.0.tgz#5a7dba98138fa0abec7afc43e5a9a0b2aac729f1"

follow-redirects@1.2.4:
  version "1.2.4"
  resolved "http://localhost:4873/follow-redirects/-/follow-redirects-1.2.4.tgz#355e8f4d16876b43f577b0d5ce2668b9723214ea"
  dependencies:
    debug "^2.4.5"

fs-extra@4.0.1:
  version "4.0.1"
  resolved "http://localhost:4873/fs-extra/-/fs-extra-4.0.1.tgz#7fc0c6c8957f983f57f306a24e5b9ddd8d0dd880"
  dependencies:
    graceful-fs "^4.1.2"
    jsonfile "^3.0.0"
    universalify "^0.1.0"

fs.realpath@^1.0.0:
  version "1.0.0"
  resolved "http://localhost:4873/fs.realpath/-/fs.realpath-1.0.0.tgz#1504ad2523158caa40db4a2787cb01411994ea4f"

function-bind@^1.0.2:
  version "1.1.1"
  resolved "http://localhost:4873/function-bind/-/function-bind-1.1.1.tgz#a56899d3ea3c9bab874bb9773b7c5ede92f4895d"

get-stream@^2.2.0:
  version "2.3.1"
  resolved "http://localhost:4873/get-stream/-/get-stream-2.3.1.tgz#5f38f93f346009666ee0150a054167f91bdd95de"
  dependencies:
    object-assign "^4.0.1"
    pinkie-promise "^2.0.0"

glob@7.1.2, glob@^7.0.5, glob@^7.1.0:
  version "7.1.2"
  resolved "http://localhost:4873/glob/-/glob-7.1.2.tgz#c19c9df9a028702d678612384a6552404c636d15"
  dependencies:
    fs.realpath "^1.0.0"
    inflight "^1.0.4"
    inherits "2"
    minimatch "^3.0.4"
    once "^1.3.0"
    path-is-absolute "^1.0.0"

graceful-fs@^4.1.10, graceful-fs@^4.1.2, graceful-fs@^4.1.6:
  version "4.1.11"
  resolved "http://localhost:4873/graceful-fs/-/graceful-fs-4.1.11.tgz#0e8bdfe4d1ddb8854d64e04ea7c00e2a026e5658"

"graceful-readlink@>= 1.0.0":
  version "1.0.1"
  resolved "http://localhost:4873/graceful-readlink/-/graceful-readlink-1.0.1.tgz#4cafad76bc62f02fa039b2f94e9a3dd3a391a725"

has@^1.0.0:
  version "1.0.1"
  resolved "http://localhost:4873/has/-/has-1.0.1.tgz#8461733f538b0837c9361e39a9ab9e9704dc2f28"
  dependencies:
    function-bind "^1.0.2"

hash-base@^2.0.0:
  version "2.0.2"
  resolved "http://localhost:4873/hash-base/-/hash-base-2.0.2.tgz#66ea1d856db4e8a5470cadf6fce23ae5244ef2e1"
  dependencies:
    inherits "^2.0.1"

hash-base@^3.0.0:
  version "3.0.4"
  resolved "http://localhost:4873/hash-base/-/hash-base-3.0.4.tgz#5fc8686847ecd73499403319a6b0a3f3f6ae4918"
  dependencies:
    inherits "^2.0.1"
    safe-buffer "^5.0.1"

hash.js@^1.0.0, hash.js@^1.0.3:
  version "1.1.3"
  resolved "http://localhost:4873/hash.js/-/hash.js-1.1.3.tgz#340dedbe6290187151c1ea1d777a3448935df846"
  dependencies:
    inherits "^2.0.3"
    minimalistic-assert "^1.0.0"

hmac-drbg@^1.0.0:
  version "1.0.1"
  resolved "http://localhost:4873/hmac-drbg/-/hmac-drbg-1.0.1.tgz#d2745701025a6c775a6c545793ed502fc0c649a1"
  dependencies:
    hash.js "^1.0.3"
    minimalistic-assert "^1.0.0"
    minimalistic-crypto-utils "^1.0.1"

htmlescape@^1.1.0:
  version "1.1.1"
  resolved "http://localhost:4873/htmlescape/-/htmlescape-1.1.1.tgz#3a03edc2214bca3b66424a3e7959349509cb0351"

https-browserify@^1.0.0:
  version "1.0.0"
  resolved "http://localhost:4873/https-browserify/-/https-browserify-1.0.0.tgz#ec06c10e0a34c0f2faf199f7fd7fc78fffd03c73"

ieee754@^1.1.4:
  version "1.1.8"
  resolved "http://localhost:4873/ieee754/-/ieee754-1.1.8.tgz#be33d40ac10ef1926701f6f08a2d86fbfd1ad3e4"

indexof@0.0.1:
  version "0.0.1"
  resolved "http://localhost:4873/indexof/-/indexof-0.0.1.tgz#82dc336d232b9062179d05ab3293a66059fd435d"

inflight@^1.0.4:
  version "1.0.6"
  resolved "http://localhost:4873/inflight/-/inflight-1.0.6.tgz#49bd6331d7d02d0c09bc910a1075ba8165b56df9"
  dependencies:
    once "^1.3.0"
    wrappy "1"

inherits@2, inherits@^2.0.1, inherits@^2.0.3, inherits@~2.0.1, inherits@~2.0.3:
  version "2.0.3"
  resolved "http://localhost:4873/inherits/-/inherits-2.0.3.tgz#633c2c83e3da42a502f52466022480f4208261de"

inherits@2.0.1:
  version "2.0.1"
  resolved "http://localhost:4873/inherits/-/inherits-2.0.1.tgz#b17d08d326b4423e568eff719f91b0b1cbdf69f1"

inline-source-map@~0.6.0:
  version "0.6.2"
  resolved "http://localhost:4873/inline-source-map/-/inline-source-map-0.6.2.tgz#f9393471c18a79d1724f863fa38b586370ade2a5"
  dependencies:
    source-map "~0.5.3"

insert-module-globals@^7.0.0:
  version "7.0.1"
  resolved "http://localhost:4873/insert-module-globals/-/insert-module-globals-7.0.1.tgz#c03bf4e01cb086d5b5e5ace8ad0afe7889d638c3"
  dependencies:
    JSONStream "^1.0.3"
    combine-source-map "~0.7.1"
    concat-stream "~1.5.1"
    is-buffer "^1.1.0"
    lexical-scope "^1.2.0"
    process "~0.11.0"
    through2 "^2.0.0"
    xtend "^4.0.0"

is-buffer@^1.1.0:
  version "1.1.5"
  resolved "http://localhost:4873/is-buffer/-/is-buffer-1.1.5.tgz#1f3b26ef613b214b88cbca23cc6c01d87961eecc"

is-natural-number@^4.0.1:
  version "4.0.1"
  resolved "http://localhost:4873/is-natural-number/-/is-natural-number-4.0.1.tgz#ab9d76e1db4ced51e35de0c72ebecf09f734cde8"

is-stream@^1.1.0:
  version "1.1.0"
  resolved "http://localhost:4873/is-stream/-/is-stream-1.1.0.tgz#12d4a3dd4e68e0b79ceb8dbc84173ae80d91ca44"

isarray@^1.0.0, isarray@~1.0.0:
  version "1.0.0"
  resolved "http://localhost:4873/isarray/-/isarray-1.0.0.tgz#bb935d48582cba168c06834957a54a3e07124f11"

isarray@~0.0.1:
  version "0.0.1"
  resolved "http://localhost:4873/isarray/-/isarray-0.0.1.tgz#8a18acfca9a8f4177e09abfc6038939b05d1eedf"

json-stable-stringify@~0.0.0:
  version "0.0.1"
  resolved "http://localhost:4873/json-stable-stringify/-/json-stable-stringify-0.0.1.tgz#611c23e814db375527df851193db59dd2af27f45"
  dependencies:
    jsonify "~0.0.0"

jsonfile@^3.0.0:
  version "3.0.1"
  resolved "http://localhost:4873/jsonfile/-/jsonfile-3.0.1.tgz#a5ecc6f65f53f662c4415c7675a0331d0992ec66"
  optionalDependencies:
    graceful-fs "^4.1.6"

jsonify@~0.0.0:
  version "0.0.0"
  resolved "http://localhost:4873/jsonify/-/jsonify-0.0.0.tgz#2c74b6ee41d93ca51b7b5aaee8f503631d252a73"

jsonparse@^1.2.0:
  version "1.3.1"
  resolved "http://localhost:4873/jsonparse/-/jsonparse-1.3.1.tgz#3f4dae4a91fac315f71062f8521cc239f1366280"

labeled-stream-splicer@^2.0.0:
  version "2.0.0"
  resolved "http://localhost:4873/labeled-stream-splicer/-/labeled-stream-splicer-2.0.0.tgz#a52e1d138024c00b86b1c0c91f677918b8ae0a59"
  dependencies:
    inherits "^2.0.1"
    isarray "~0.0.1"
    stream-splicer "^2.0.0"

lexical-scope@^1.2.0:
  version "1.2.0"
  resolved "http://localhost:4873/lexical-scope/-/lexical-scope-1.2.0.tgz#fcea5edc704a4b3a8796cdca419c3a0afaf22df4"
  dependencies:
    astw "^2.0.0"

lodash.memoize@~3.0.3:
  version "3.0.4"
  resolved "http://localhost:4873/lodash.memoize/-/lodash.memoize-3.0.4.tgz#2dcbd2c287cbc0a55cc42328bd0c736150d53e3f"

loglevel@^1.5.0:
  version "1.5.0"
  resolved "http://localhost:4873/loglevel/-/loglevel-1.5.0.tgz#3863984a2c326b986fbb965f378758a6dc8a4324"

make-dir@^1.0.0:
  version "1.0.0"
  resolved "http://localhost:4873/make-dir/-/make-dir-1.0.0.tgz#97a011751e91dd87cfadef58832ebb04936de978"
  dependencies:
    pify "^2.3.0"

marked@0.3.6:
  version "0.3.6"
  resolved "http://localhost:4873/marked/-/marked-0.3.6.tgz#b2c6c618fccece4ef86c4fc6cb8a7cbf5aeda8d7"

md5.js@^1.3.4:
  version "1.3.4"
  resolved "http://localhost:4873/md5.js/-/md5.js-1.3.4.tgz#e9bdbde94a20a5ac18b04340fc5764d5b09d901d"
  dependencies:
    hash-base "^3.0.0"
    inherits "^2.0.1"

miller-rabin@^4.0.0:
  version "4.0.0"
  resolved "http://localhost:4873/miller-rabin/-/miller-rabin-4.0.0.tgz#4a62fb1d42933c05583982f4c716f6fb9e6c6d3d"
  dependencies:
    bn.js "^4.0.0"
    brorand "^1.0.1"

minimalistic-assert@^1.0.0:
  version "1.0.0"
  resolved "http://localhost:4873/minimalistic-assert/-/minimalistic-assert-1.0.0.tgz#702be2dda6b37f4836bcb3f5db56641b64a1d3d3"

minimalistic-crypto-utils@^1.0.0, minimalistic-crypto-utils@^1.0.1:
  version "1.0.1"
  resolved "http://localhost:4873/minimalistic-crypto-utils/-/minimalistic-crypto-utils-1.0.1.tgz#f6c00c1c0b082246e5c4d99dfb8c7c083b2b582a"

minimatch@^3.0.4:
  version "3.0.4"
  resolved "http://localhost:4873/minimatch/-/minimatch-3.0.4.tgz#5166e286457f03306064be5497e8dbb0c3d32083"
  dependencies:
    brace-expansion "^1.1.7"

minimist@0.0.8:
  version "0.0.8"
  resolved "http://localhost:4873/minimist/-/minimist-0.0.8.tgz#857fcabfc3397d2625b8228262e86aa7a011b05d"

minimist@^1.1.0:
  version "1.2.0"
  resolved "http://localhost:4873/minimist/-/minimist-1.2.0.tgz#a35008b20f41383eec1fb914f4cd5df79a264284"

mkdirp@0.5.1:
  version "0.5.1"
  resolved "http://localhost:4873/mkdirp/-/mkdirp-0.5.1.tgz#30057438eac6cf7f8c4767f38648d6697d75c903"
  dependencies:
    minimist "0.0.8"

module-deps@^4.0.8:
  version "4.1.1"
  resolved "http://localhost:4873/module-deps/-/module-deps-4.1.1.tgz#23215833f1da13fd606ccb8087b44852dcb821fd"
  dependencies:
    JSONStream "^1.0.3"
    browser-resolve "^1.7.0"
    cached-path-relative "^1.0.0"
    concat-stream "~1.5.0"
    defined "^1.0.0"
    detective "^4.0.0"
    duplexer2 "^0.1.2"
    inherits "^2.0.1"
    parents "^1.0.0"
    readable-stream "^2.0.2"
    resolve "^1.1.3"
    stream-combiner2 "^1.1.1"
    subarg "^1.0.0"
    through2 "^2.0.0"
    xtend "^4.0.0"

ms@2.0.0:
  version "2.0.0"
  resolved "http://localhost:4873/ms/-/ms-2.0.0.tgz#5608aeadfc00be6c2901df5f9861788de0d597c8"

nopt@~1.0.10:
  version "1.0.10"
  resolved "http://localhost:4873/nopt/-/nopt-1.0.10.tgz#6ddd21bd2a31417b92727dd585f8a6f37608ebee"
  dependencies:
    abbrev "1"

object-assign@^4.0.1:
  version "4.1.1"
  resolved "http://localhost:4873/object-assign/-/object-assign-4.1.1.tgz#2109adc7965887cfc05cbbd442cac8bfbb360863"

once@^1.3.0, once@^1.4.0:
  version "1.4.0"
  resolved "http://localhost:4873/once/-/once-1.4.0.tgz#583b1aa775961d4b113ac17d9c50baef9dd76bd1"
  dependencies:
    wrappy "1"

os-browserify@~0.1.1:
  version "0.1.2"
  resolved "http://localhost:4873/os-browserify/-/os-browserify-0.1.2.tgz#49ca0293e0b19590a5f5de10c7f265a617d8fe54"

pako@~0.2.0:
  version "0.2.9"
  resolved "http://localhost:4873/pako/-/pako-0.2.9.tgz#f3f7522f4ef782348da8161bad9ecfd51bf83a75"

parents@^1.0.0, parents@^1.0.1:
  version "1.0.1"
  resolved "http://localhost:4873/parents/-/parents-1.0.1.tgz#fedd4d2bf193a77745fe71e371d73c3307d9c751"
  dependencies:
    path-platform "~0.11.15"

parse-asn1@^5.0.0:
  version "5.1.0"
  resolved "http://localhost:4873/parse-asn1/-/parse-asn1-5.1.0.tgz#37c4f9b7ed3ab65c74817b5f2480937fbf97c712"
  dependencies:
    asn1.js "^4.0.0"
    browserify-aes "^1.0.0"
    create-hash "^1.1.0"
    evp_bytestokey "^1.0.0"
    pbkdf2 "^3.0.3"

path-browserify@~0.0.0:
  version "0.0.0"
  resolved "http://localhost:4873/path-browserify/-/path-browserify-0.0.0.tgz#a0b870729aae214005b7d5032ec2cbbb0fb4451a"

path-is-absolute@^1.0.0:
  version "1.0.1"
  resolved "http://localhost:4873/path-is-absolute/-/path-is-absolute-1.0.1.tgz#174b9268735534ffbc7ace6bf53a5a9e1b5c5f5f"

path-parse@1.0.5, path-parse@^1.0.5:
  version "1.0.5"
  resolved "http://localhost:4873/path-parse/-/path-parse-1.0.5.tgz#3c1adf871ea9cd6c9431b6ea2bd74a0ff055c4c1"

path-platform@~0.11.15:
  version "0.11.15"
  resolved "http://localhost:4873/path-platform/-/path-platform-0.11.15.tgz#e864217f74c36850f0852b78dc7bf7d4a5721bf2"

pbkdf2@^3.0.3:
  version "3.0.14"
  resolved "http://localhost:4873/pbkdf2/-/pbkdf2-3.0.14.tgz#a35e13c64799b06ce15320f459c230e68e73bade"
  dependencies:
    create-hash "^1.1.2"
    create-hmac "^1.1.4"
    ripemd160 "^2.0.1"
    safe-buffer "^5.0.1"
    sha.js "^2.4.8"

pend@~1.2.0:
  version "1.2.0"
  resolved "http://localhost:4873/pend/-/pend-1.2.0.tgz#7a57eb550a6783f9115331fcf4663d5c8e007a50"

pify@^2.3.0:
  version "2.3.0"
  resolved "http://localhost:4873/pify/-/pify-2.3.0.tgz#ed141a6ac043a849ea588498e7dca8b15330e90c"

pinkie-promise@^2.0.0:
  version "2.0.1"
  resolved "http://localhost:4873/pinkie-promise/-/pinkie-promise-2.0.1.tgz#2135d6dfa7a358c069ac9b178776288228450ffa"
  dependencies:
    pinkie "^2.0.0"

pinkie@^2.0.0:
  version "2.0.4"
  resolved "http://localhost:4873/pinkie/-/pinkie-2.0.4.tgz#72556b80cfa0d48a974e80e77248e80ed4f7f870"

process-nextick-args@~1.0.6:
  version "1.0.7"
  resolved "http://localhost:4873/process-nextick-args/-/process-nextick-args-1.0.7.tgz#150e20b756590ad3f91093f25a4f2ad8bff30ba3"

process@~0.11.0:
  version "0.11.10"
  resolved "http://localhost:4873/process/-/process-0.11.10.tgz#7332300e840161bda3e69a1d1d91a7d4bc16f182"

progress@2.0.0:
  version "2.0.0"
  resolved "http://localhost:4873/progress/-/progress-2.0.0.tgz#8a1be366bf8fc23db2bd23f10c6fe920b4389d1f"

public-encrypt@^4.0.0:
  version "4.0.0"
  resolved "http://localhost:4873/public-encrypt/-/public-encrypt-4.0.0.tgz#39f699f3a46560dd5ebacbca693caf7c65c18cc6"
  dependencies:
    bn.js "^4.1.0"
    browserify-rsa "^4.0.0"
    create-hash "^1.1.0"
    parse-asn1 "^5.0.0"
    randombytes "^2.0.1"

punycode@1.3.2:
  version "1.3.2"
  resolved "http://localhost:4873/punycode/-/punycode-1.3.2.tgz#9653a036fb7c1ee42342f2325cceefea3926c48d"

punycode@^1.3.2:
  version "1.4.1"
  resolved "http://localhost:4873/punycode/-/punycode-1.4.1.tgz#c0d5a63b2718800ad8e1eb0fa5269c84dd41845e"

querystring-es3@~0.2.0:
  version "0.2.1"
  resolved "http://localhost:4873/querystring-es3/-/querystring-es3-0.2.1.tgz#9ec61f79049875707d69414596fd907a4d711e73"

querystring@0.2.0:
  version "0.2.0"
  resolved "http://localhost:4873/querystring/-/querystring-0.2.0.tgz#b209849203bb25df820da756e747005878521620"

randombytes@^2.0.0, randombytes@^2.0.1:
  version "2.0.5"
  resolved "http://localhost:4873/randombytes/-/randombytes-2.0.5.tgz#dc009a246b8d09a177b4b7a0ae77bc570f4b1b79"
  dependencies:
    safe-buffer "^5.1.0"

read-only-stream@^2.0.0:
  version "2.0.0"
  resolved "http://localhost:4873/read-only-stream/-/read-only-stream-2.0.0.tgz#2724fd6a8113d73764ac288d4386270c1dbf17f0"
  dependencies:
    readable-stream "^2.0.2"

readable-stream@^2.0.0, readable-stream@^2.0.2, readable-stream@^2.0.5, readable-stream@^2.1.5, readable-stream@^2.2.6:
  version "2.3.3"
  resolved "http://localhost:4873/readable-stream/-/readable-stream-2.3.3.tgz#368f2512d79f9d46fdfc71349ae7878bbc1eb95c"
  dependencies:
    core-util-is "~1.0.0"
    inherits "~2.0.3"
    isarray "~1.0.0"
    process-nextick-args "~1.0.6"
    safe-buffer "~5.1.1"
    string_decoder "~1.0.3"
    util-deprecate "~1.0.1"

readable-stream@~2.0.0:
  version "2.0.6"
  resolved "http://localhost:4873/readable-stream/-/readable-stream-2.0.6.tgz#8f90341e68a53ccc928788dacfcd11b36eb9b78e"
  dependencies:
    core-util-is "~1.0.0"
    inherits "~2.0.1"
    isarray "~1.0.0"
    process-nextick-args "~1.0.6"
    string_decoder "~0.10.x"
    util-deprecate "~1.0.1"

resolve@1.1.7:
  version "1.1.7"
  resolved "http://localhost:4873/resolve/-/resolve-1.1.7.tgz#203114d82ad2c5ed9e8e0411b3932875e889e97b"

resolve@^1.1.3, resolve@^1.1.4:
  version "1.4.0"
  resolved "http://localhost:4873/resolve/-/resolve-1.4.0.tgz#a75be01c53da25d934a98ebd0e4c4a7312f92a86"
  dependencies:
    path-parse "^1.0.5"

rimraf@^2.6.2:
  version "2.6.2"
  resolved "http://localhost:4873/rimraf/-/rimraf-2.6.2.tgz#2ed8150d24a16ea8651e6d6ef0f47c4158ce7a36"
  dependencies:
    glob "^7.0.5"

ripemd160@^2.0.0, ripemd160@^2.0.1:
  version "2.0.1"
  resolved "http://localhost:4873/ripemd160/-/ripemd160-2.0.1.tgz#0f4584295c53a3628af7e6d79aca21ce57d1c6e7"
  dependencies:
    hash-base "^2.0.0"
    inherits "^2.0.1"

rollup@^0.49.3:
  version "0.49.3"
  resolved "http://localhost:4873/rollup/-/rollup-0.49.3.tgz#4cce32643dd8cf2154c69ff0e43470067db0adbf"

safe-buffer@^5.0.1, safe-buffer@^5.1.0, safe-buffer@^5.1.1, safe-buffer@~5.1.0, safe-buffer@~5.1.1:
  version "5.1.1"
  resolved "http://localhost:4873/safe-buffer/-/safe-buffer-5.1.1.tgz#893312af69b2123def71f57889001671eeb2c853"

seek-bzip@^1.0.5:
  version "1.0.5"
  resolved "http://localhost:4873/seek-bzip/-/seek-bzip-1.0.5.tgz#cfe917cb3d274bcffac792758af53173eb1fabdc"
  dependencies:
    commander "~2.8.1"

sha.js@^2.4.0, sha.js@^2.4.8, sha.js@~2.4.4:
  version "2.4.8"
  resolved "http://localhost:4873/sha.js/-/sha.js-2.4.8.tgz#37068c2c476b6baf402d14a49c67f597921f634f"
  dependencies:
    inherits "^2.0.1"

shasum@^1.0.0:
  version "1.0.2"
  resolved "http://localhost:4873/shasum/-/shasum-1.0.2.tgz#e7012310d8f417f4deb5712150e5678b87ae565f"
  dependencies:
    json-stable-stringify "~0.0.0"
    sha.js "~2.4.4"

shell-quote@^1.6.1:
  version "1.6.1"
  resolved "http://localhost:4873/shell-quote/-/shell-quote-1.6.1.tgz#f4781949cce402697127430ea3b3c5476f481767"
  dependencies:
    array-filter "~0.0.0"
    array-map "~0.0.0"
    array-reduce "~0.0.0"
    jsonify "~0.0.0"

source-map@0.5.x, source-map@~0.5.3:
  version "0.5.7"
  resolved "http://localhost:4873/source-map/-/source-map-0.5.7.tgz#8a039d2d1021d22d1ea14c80d8ea468ba2ef3fcc"

stream-browserify@^2.0.0:
  version "2.0.1"
  resolved "http://localhost:4873/stream-browserify/-/stream-browserify-2.0.1.tgz#66266ee5f9bdb9940a4e4514cafb43bb71e5c9db"
  dependencies:
    inherits "~2.0.1"
    readable-stream "^2.0.2"

stream-combiner2@^1.1.1:
  version "1.1.1"
  resolved "http://localhost:4873/stream-combiner2/-/stream-combiner2-1.1.1.tgz#fb4d8a1420ea362764e21ad4780397bebcb41cbe"
  dependencies:
    duplexer2 "~0.1.0"
    readable-stream "^2.0.2"

stream-http@^2.0.0:
  version "2.7.2"
  resolved "http://localhost:4873/stream-http/-/stream-http-2.7.2.tgz#40a050ec8dc3b53b33d9909415c02c0bf1abfbad"
  dependencies:
    builtin-status-codes "^3.0.0"
    inherits "^2.0.1"
    readable-stream "^2.2.6"
    to-arraybuffer "^1.0.0"
    xtend "^4.0.0"

stream-splicer@^2.0.0:
  version "2.0.0"
  resolved "http://localhost:4873/stream-splicer/-/stream-splicer-2.0.0.tgz#1b63be438a133e4b671cc1935197600175910d83"
  dependencies:
    inherits "^2.0.1"
    readable-stream "^2.0.2"

string_decoder@~0.10.x:
  version "0.10.31"
  resolved "http://localhost:4873/string_decoder/-/string_decoder-0.10.31.tgz#62e203bc41766c6c28c9fc84301dab1c5310fa94"

string_decoder@~1.0.0, string_decoder@~1.0.3:
  version "1.0.3"
  resolved "http://localhost:4873/string_decoder/-/string_decoder-1.0.3.tgz#0fc67d7c141825de94282dd536bec6b9bce860ab"
  dependencies:
    safe-buffer "~5.1.0"

strip-dirs@^2.0.0:
  version "2.0.0"
  resolved "http://localhost:4873/strip-dirs/-/strip-dirs-2.0.0.tgz#610cdb2928200da0004f41dcb90fc95cd919a0b6"
  dependencies:
    is-natural-number "^4.0.1"

subarg@^1.0.0:
  version "1.0.0"
  resolved "http://localhost:4873/subarg/-/subarg-1.0.0.tgz#f62cf17581e996b48fc965699f54c06ae268b8d2"
  dependencies:
    minimist "^1.1.0"

syntax-error@^1.1.1:
  version "1.3.0"
  resolved "http://localhost:4873/syntax-error/-/syntax-error-1.3.0.tgz#1ed9266c4d40be75dc55bf9bb1cb77062bb96ca1"
  dependencies:
    acorn "^4.0.3"

tar-stream@^1.5.2:
  version "1.5.4"
  resolved "http://localhost:4873/tar-stream/-/tar-stream-1.5.4.tgz#36549cf04ed1aee9b2a30c0143252238daf94016"
  dependencies:
    bl "^1.0.0"
    end-of-stream "^1.0.0"
    readable-stream "^2.0.0"
    xtend "^4.0.0"

through2@^2.0.0:
  version "2.0.3"
  resolved "http://localhost:4873/through2/-/through2-2.0.3.tgz#0004569b37c7c74ba39c43f3ced78d1ad94140be"
  dependencies:
    readable-stream "^2.1.5"
    xtend "~4.0.1"

"through@>=2.2.7 <3", through@^2.3.6:
  version "2.3.8"
  resolved "http://localhost:4873/through/-/through-2.3.8.tgz#0dd4c9ffaabc357960b1b724115d7e0e86a2e1f5"

timers-browserify@^1.0.1:
  version "1.4.2"
  resolved "http://localhost:4873/timers-browserify/-/timers-browserify-1.4.2.tgz#c9c58b575be8407375cb5e2462dacee74359f41d"
  dependencies:
    process "~0.11.0"

to-arraybuffer@^1.0.0:
  version "1.0.1"
  resolved "http://localhost:4873/to-arraybuffer/-/to-arraybuffer-1.0.1.tgz#7d229b1fcc637e466ca081180836a7aabff83f43"

touch@3.1.0:
  version "3.1.0"
  resolved "http://localhost:4873/touch/-/touch-3.1.0.tgz#fe365f5f75ec9ed4e56825e0bb76d24ab74af83b"
  dependencies:
    nopt "~1.0.10"

tty-browserify@~0.0.0:
  version "0.0.0"
  resolved "http://localhost:4873/tty-browserify/-/tty-browserify-0.0.0.tgz#a157ba402da24e9bf957f9aa69d524eed42901a6"

typedarray@~0.0.5:
  version "0.0.6"
  resolved "http://localhost:4873/typedarray/-/typedarray-0.0.6.tgz#867ac74e3864187b1d3d47d996a78ec5c8830777"

umd@^3.0.0:
  version "3.0.1"
  resolved "http://localhost:4873/umd/-/umd-3.0.1.tgz#8ae556e11011f63c2596708a8837259f01b3d60e"

unbzip2-stream@^1.0.9:
  version "1.2.5"
  resolved "http://localhost:4873/unbzip2-stream/-/unbzip2-stream-1.2.5.tgz#73a033a567bbbde59654b193c44d48a7e4f43c47"
  dependencies:
    buffer "^3.0.1"
    through "^2.3.6"

universalify@^0.1.0:
  version "0.1.1"
  resolved "http://localhost:4873/universalify/-/universalify-0.1.1.tgz#fa71badd4437af4c148841e3b3b165f9e9e590b7"

url@~0.11.0:
  version "0.11.0"
  resolved "http://localhost:4873/url/-/url-0.11.0.tgz#3838e97cfc60521eb73c525a8e55bfdd9e2e28f1"
  dependencies:
    punycode "1.3.2"
    querystring "0.2.0"

util-deprecate@~1.0.1:
  version "1.0.2"
  resolved "http://localhost:4873/util-deprecate/-/util-deprecate-1.0.2.tgz#450d4dc9fa70de732762fbd2d4a28981419a0ccf"

util@0.10.3, util@~0.10.1:
  version "0.10.3"
  resolved "http://localhost:4873/util/-/util-0.10.3.tgz#7afb1afe50805246489e3db7fe0ed379336ac0f9"
  dependencies:
    inherits "2.0.1"

validator@^8.2.0:
  version "8.2.0"
  resolved "http://localhost:4873/validator/-/validator-8.2.0.tgz#3c1237290e37092355344fef78c231249dab77b9"

vm-browserify@~0.0.1:
  version "0.0.4"
  resolved "http://localhost:4873/vm-browserify/-/vm-browserify-0.0.4.tgz#5d7ea45bbef9e4a6ff65f95438e0a87c357d5a73"
  dependencies:
    indexof "0.0.1"

wrappy@1:
  version "1.0.2"
  resolved "http://localhost:4873/wrappy/-/wrappy-1.0.2.tgz#b5243d8f3ec1aa35f1364605bc0d1036e30ab69f"

xtend@^4.0.0, xtend@~4.0.1:
  version "4.0.1"
  resolved "http://localhost:4873/xtend/-/xtend-4.0.1.tgz#a5c6d532be656e23db820efb943a1f04998d63af"

yauzl@^2.4.2:
  version "2.8.0"
  resolved "http://localhost:4873/yauzl/-/yauzl-2.8.0.tgz#79450aff22b2a9c5a41ef54e02db907ccfbf9ee2"
  dependencies:
    buffer-crc32 "~0.2.3"
    fd-slicer "~1.0.1"
