# THIS IS AN AUTOGENERATED FILE. DO NOT EDIT THIS FILE DIRECTLY.
# yarn lockfile v1


date-fns@4.2.1:
  version "4.2.1"
  resolved "https://registry.npmjs.org/date-fns/-/date-fns-4.2.1.tgz#94092832dc4711781540e29102b35da84f8c378c"
  integrity sha512-37RhSdxaG1suen6VDCza6rNrQfooyQh57HFVPwQGEq2QWliVLzPQZ8Oa017weOu+HZCnzI7N3Pf/wyoBKfEqrA==
